
Microsoft Visual Studio Solution File, Format Version 12.00
# Visual Studio Version 17
VisualStudioVersion = 17.0.31903.59
MinimumVisualStudioVersion = 10.0.40219.1
Project("{2150E333-8FDC-42A3-9474-1A3956D46DE8}") = "src", "src", "{827E0CD3-B72D-47B6-A68D-7590B98EB39B}"
EndProject
Project("{FAE04EC0-301F-11D3-BF4B-00C04F79EFBC}") = "Asynkron.JsEngine", "src\Asynkron.JsEngine\Asynkron.JsEngine.csproj", "{282EAE3D-DBB0-4459-8E2D-3596A3F7E2CF}"
EndProject
Project("{2150E333-8FDC-42A3-9474-1A3956D46DE8}") = "tests", "tests", "{0AB3BF05-4346-4AA6-1389-037BE0695223}"
EndProject
Project("{FAE04EC0-301F-11D3-BF4B-00C04F79EFBC}") = "Asynkron.JsEngine.Tests", "tests\Asynkron.JsEngine.Tests\Asynkron.JsEngine.Tests.csproj", "{DC4F33AC-2CEF-4C80-A2EE-12CBD428289C}"
EndProject
Project("{2150E333-8FDC-42A3-9474-1A3956D46DE8}") = "examples", "examples", "{B36A84DF-456D-A817-6EDD-3EC3E7F6E11F}"
EndProject
Project("{FAE04EC0-301F-11D3-BF4B-00C04F79EFBC}") = "Demo", "examples\Demo\Demo.csproj", "{1F29A343-A7B8-462B-8650-7464CBF77A3A}"
EndProject
Project("{FAE04EC0-301F-11D3-BF4B-00C04F79EFBC}") = "SExpressionDemo", "examples\SExpressionDemo\SExpressionDemo.csproj", "{69174D07-11C5-40FA-AFC8-EB348FBE64B4}"
EndProject
Project("{FAE04EC0-301F-11D3-BF4B-00C04F79EFBC}") = "NpmPackageDemo", "examples\NpmPackageDemo\NpmPackageDemo.csproj", "{5C097776-AC94-46C7-B257-5CC4DD39DF67}"
EndProject
Project("{2150E333-8FDC-42A3-9474-1A3956D46DE8}") = ".meta", ".meta", "{77806389-A6B4-4A95-9671-AC93E23FD073}"
	ProjectSection(SolutionItems) = preProject
		continue.md = continue.md
		AGENTS.md = AGENTS.md
		README.md = README.md
		generator-builder.md = generator-builder.md
		.editorconfig = .editorconfig
	EndProjectSection
EndProject
Project("{2150E333-8FDC-42A3-9474-1A3956D46DE8}") = "docs", "docs", "{CBE37AA6-AD59-4A21-A8B0-4208A190EF53}"
	ProjectSection(SolutionItems) = preProject
		docs\BYTECODE_COMPILATION.md = docs\BYTECODE_COMPILATION.md
		docs\typed-ast-evaluation.md = docs\typed-ast-evaluation.md
		docs\CPS_TRANSFORMATION_FOR_LOOPS.md = docs\CPS_TRANSFORMATION_FOR_LOOPS.md
		docs\SIGNAL_PATTERN_ANALYSIS.md = docs\SIGNAL_PATTERN_ANALYSIS.md
		docs\GENERATOR_IR_LIMITATIONS.md = docs\GENERATOR_IR_LIMITATIONS.md
		docs\CONTROL_FLOW_STATE_MACHINE_CLARIFICATION.md = docs\CONTROL_FLOW_STATE_MACHINE_CLARIFICATION.md
		docs\DESTRUCTURING_IMPLEMENTATION_PLAN.md = docs\DESTRUCTURING_IMPLEMENTATION_PLAN.md
		docs\investigations\SUNSPIDER_ANALYSIS.md = docs\investigations\SUNSPIDER_ANALYSIS.md
		docs\investigations\CPS_ASYNC_ITERATION_STATUS.md = docs\investigations\CPS_ASYNC_ITERATION_STATUS.md
		docs\investigations\SUNSPIDER_TEST_FINDINGS.md = docs\investigations\SUNSPIDER_TEST_FINDINGS.md
		docs\investigations\CPS_LOOP_DEBUGGING_NOTES.md = docs\investigations\CPS_LOOP_DEBUGGING_NOTES.md
		docs\investigations\README.md = docs\investigations\README.md
		docs\investigations\ASYNC_ITERABLE_SCOPE_DEBUG_NOTES.md = docs\investigations\ASYNC_ITERABLE_SCOPE_DEBUG_NOTES.md
		docs\investigations\SUNSPIDER_UPDATE_2025.md = docs\investigations\SUNSPIDER_UPDATE_2025.md
		docs\investigations\PROMISE_REJECTION_INVESTIGATION.md = docs\investigations\PROMISE_REJECTION_INVESTIGATION.md
		docs\investigations\DEBUGGING_PLAN.md = docs\investigations\DEBUGGING_PLAN.md
		docs\investigations\EXCEPTION_CHANNEL_RESULTS.md = docs\investigations\EXCEPTION_CHANNEL_RESULTS.md
		docs\investigations\ASYNC_ITERABLE_SCOPE_COMPARISON.md = docs\investigations\ASYNC_ITERABLE_SCOPE_COMPARISON.md
		docs\investigations\PARSER_VS_CPS_ANALYSIS.md = docs\investigations\PARSER_VS_CPS_ANALYSIS.md
		docs\ARCHITECTURE.md = docs\ARCHITECTURE.md
		docs\ASYNC_AWAIT_IMPLEMENTATION.md = docs\ASYNC_AWAIT_IMPLEMENTATION.md
		docs\PARSER_FIXES_SUMMARY.md = docs\PARSER_FIXES_SUMMARY.md
		docs\API_REFERENCE.md = docs\API_REFERENCE.md
		docs\archive\IMPLEMENTATION_SUMMARY.md = docs\archive\IMPLEMENTATION_SUMMARY.md
		docs\archive\IMPLEMENTATION_COMPLETE.md = docs\archive\IMPLEMENTATION_COMPLETE.md
		docs\archive\FEATURE_IMPLEMENTATION_ANALYSIS.md = docs\archive\FEATURE_IMPLEMENTATION_ANALYSIS.md
		docs\archive\README.md = docs\archive\README.md
		docs\archive\DYNAMIC_IMPORT_ASYNC_ITERATION_SUMMARY.md = docs\archive\DYNAMIC_IMPORT_ASYNC_ITERATION_SUMMARY.md
		docs\COMPLETED_FEATURES.md = docs\COMPLETED_FEATURES.md
		docs\SOURCE_REFERENCE_IMPLEMENTATION.md = docs\SOURCE_REFERENCE_IMPLEMENTATION.md
		docs\SIGNAL_PATTERN.md = docs\SIGNAL_PATTERN.md
		docs\DYNAMIC_IMPORT_IMPLEMENTATION.md = docs\DYNAMIC_IMPORT_IMPLEMENTATION.md
		docs\RESULT_WRAPPER_VS_STATE_MACHINE.md = docs\RESULT_WRAPPER_VS_STATE_MACHINE.md
		docs\CPS_TRANSFORMATION_PLAN.md = docs\CPS_TRANSFORMATION_PLAN.md
		docs\README.md = docs\README.md
		docs\FEATURE_STATUS_SUMMARY.md = docs\FEATURE_STATUS_SUMMARY.md
		docs\GETTING_STARTED.md = docs\GETTING_STARTED.md
		docs\ITERATIVE_EVALUATION.md = docs\ITERATIVE_EVALUATION.md
		docs\TRANSFORMATIONS.md = docs\TRANSFORMATIONS.md
		docs\MISSING_FEATURES.md = docs\MISSING_FEATURES.md
		docs\NPM_PACKAGE_COMPATIBILITY.md = docs\NPM_PACKAGE_COMPATIBILITY.md
		docs\FEATURES.md = docs\FEATURES.md
		docs\SIGNAL_PATTERN_IMPLEMENTATION.md = docs\SIGNAL_PATTERN_IMPLEMENTATION.md
		docs\CONTROL_FLOW_ALTERNATIVES.md = docs\CONTROL_FLOW_ALTERNATIVES.md
		docs\REMAINING_TASKS.md = docs\REMAINING_TASKS.md
		docs\LARGE_FEATURES_NOT_IMPLEMENTED.md = docs\LARGE_FEATURES_NOT_IMPLEMENTED.md
		docs\ASI_IMPLEMENTATION.md = docs\ASI_IMPLEMENTATION.md
		docs\CPS_PIPELINE_INTEGRATION.md = docs\CPS_PIPELINE_INTEGRATION.md
	EndProjectSection
EndProject
Project("{FAE04EC0-301F-11D3-BF4B-00C04F79EFBC}") = "Asynkron.JsEngine.Tests.Test262", "tests\Asynkron.JsEngine.Tests.Test262\Asynkron.JsEngine.Tests.Test262.csproj", "{7527CADC-BF6A-4F99-846F-92122ACFB155}"
EndProject
Global
	GlobalSection(SolutionConfigurationPlatforms) = preSolution
		Debug|Any CPU = Debug|Any CPU
		Debug|x64 = Debug|x64
		Debug|x86 = Debug|x86
		Release|Any CPU = Release|Any CPU
		Release|x64 = Release|x64
		Release|x86 = Release|x86
	EndGlobalSection
	GlobalSection(ProjectConfigurationPlatforms) = postSolution
		{282EAE3D-DBB0-4459-8E2D-3596A3F7E2CF}.Debug|Any CPU.ActiveCfg = Debug|Any CPU
		{282EAE3D-DBB0-4459-8E2D-3596A3F7E2CF}.Debug|Any CPU.Build.0 = Debug|Any CPU
		{282EAE3D-DBB0-4459-8E2D-3596A3F7E2CF}.Debug|x64.ActiveCfg = Debug|Any CPU
		{282EAE3D-DBB0-4459-8E2D-3596A3F7E2CF}.Debug|x64.Build.0 = Debug|Any CPU
		{282EAE3D-DBB0-4459-8E2D-3596A3F7E2CF}.Debug|x86.ActiveCfg = Debug|Any CPU
		{282EAE3D-DBB0-4459-8E2D-3596A3F7E2CF}.Debug|x86.Build.0 = Debug|Any CPU
		{282EAE3D-DBB0-4459-8E2D-3596A3F7E2CF}.Release|Any CPU.ActiveCfg = Release|Any CPU
		{282EAE3D-DBB0-4459-8E2D-3596A3F7E2CF}.Release|Any CPU.Build.0 = Release|Any CPU
		{282EAE3D-DBB0-4459-8E2D-3596A3F7E2CF}.Release|x64.ActiveCfg = Release|Any CPU
		{282EAE3D-DBB0-4459-8E2D-3596A3F7E2CF}.Release|x64.Build.0 = Release|Any CPU
		{282EAE3D-DBB0-4459-8E2D-3596A3F7E2CF}.Release|x86.ActiveCfg = Release|Any CPU
		{282EAE3D-DBB0-4459-8E2D-3596A3F7E2CF}.Release|x86.Build.0 = Release|Any CPU
		{DC4F33AC-2CEF-4C80-A2EE-12CBD428289C}.Debug|Any CPU.ActiveCfg = Debug|Any CPU
		{DC4F33AC-2CEF-4C80-A2EE-12CBD428289C}.Debug|Any CPU.Build.0 = Debug|Any CPU
		{DC4F33AC-2CEF-4C80-A2EE-12CBD428289C}.Debug|x64.ActiveCfg = Debug|Any CPU
		{DC4F33AC-2CEF-4C80-A2EE-12CBD428289C}.Debug|x64.Build.0 = Debug|Any CPU
		{DC4F33AC-2CEF-4C80-A2EE-12CBD428289C}.Debug|x86.ActiveCfg = Debug|Any CPU
		{DC4F33AC-2CEF-4C80-A2EE-12CBD428289C}.Debug|x86.Build.0 = Debug|Any CPU
		{DC4F33AC-2CEF-4C80-A2EE-12CBD428289C}.Release|Any CPU.ActiveCfg = Release|Any CPU
		{DC4F33AC-2CEF-4C80-A2EE-12CBD428289C}.Release|Any CPU.Build.0 = Release|Any CPU
		{DC4F33AC-2CEF-4C80-A2EE-12CBD428289C}.Release|x64.ActiveCfg = Release|Any CPU
		{DC4F33AC-2CEF-4C80-A2EE-12CBD428289C}.Release|x64.Build.0 = Release|Any CPU
		{DC4F33AC-2CEF-4C80-A2EE-12CBD428289C}.Release|x86.ActiveCfg = Release|Any CPU
		{DC4F33AC-2CEF-4C80-A2EE-12CBD428289C}.Release|x86.Build.0 = Release|Any CPU
		{1F29A343-A7B8-462B-8650-7464CBF77A3A}.Debug|Any CPU.ActiveCfg = Debug|Any CPU
		{1F29A343-A7B8-462B-8650-7464CBF77A3A}.Debug|Any CPU.Build.0 = Debug|Any CPU
		{1F29A343-A7B8-462B-8650-7464CBF77A3A}.Debug|x64.ActiveCfg = Debug|Any CPU
		{1F29A343-A7B8-462B-8650-7464CBF77A3A}.Debug|x64.Build.0 = Debug|Any CPU
		{1F29A343-A7B8-462B-8650-7464CBF77A3A}.Debug|x86.ActiveCfg = Debug|Any CPU
		{1F29A343-A7B8-462B-8650-7464CBF77A3A}.Debug|x86.Build.0 = Debug|Any CPU
		{1F29A343-A7B8-462B-8650-7464CBF77A3A}.Release|Any CPU.ActiveCfg = Release|Any CPU
		{1F29A343-A7B8-462B-8650-7464CBF77A3A}.Release|Any CPU.Build.0 = Release|Any CPU
		{1F29A343-A7B8-462B-8650-7464CBF77A3A}.Release|x64.ActiveCfg = Release|Any CPU
		{1F29A343-A7B8-462B-8650-7464CBF77A3A}.Release|x64.Build.0 = Release|Any CPU
		{1F29A343-A7B8-462B-8650-7464CBF77A3A}.Release|x86.ActiveCfg = Release|Any CPU
		{1F29A343-A7B8-462B-8650-7464CBF77A3A}.Release|x86.Build.0 = Release|Any CPU
		{69174D07-11C5-40FA-AFC8-EB348FBE64B4}.Debug|Any CPU.ActiveCfg = Debug|Any CPU
		{69174D07-11C5-40FA-AFC8-EB348FBE64B4}.Debug|Any CPU.Build.0 = Debug|Any CPU
		{69174D07-11C5-40FA-AFC8-EB348FBE64B4}.Debug|x64.ActiveCfg = Debug|Any CPU
		{69174D07-11C5-40FA-AFC8-EB348FBE64B4}.Debug|x64.Build.0 = Debug|Any CPU
		{69174D07-11C5-40FA-AFC8-EB348FBE64B4}.Debug|x86.ActiveCfg = Debug|Any CPU
		{69174D07-11C5-40FA-AFC8-EB348FBE64B4}.Debug|x86.Build.0 = Debug|Any CPU
		{69174D07-11C5-40FA-AFC8-EB348FBE64B4}.Release|Any CPU.ActiveCfg = Release|Any CPU
		{69174D07-11C5-40FA-AFC8-EB348FBE64B4}.Release|Any CPU.Build.0 = Release|Any CPU
		{69174D07-11C5-40FA-AFC8-EB348FBE64B4}.Release|x64.ActiveCfg = Release|Any CPU
		{69174D07-11C5-40FA-AFC8-EB348FBE64B4}.Release|x64.Build.0 = Release|Any CPU
		{69174D07-11C5-40FA-AFC8-EB348FBE64B4}.Release|x86.ActiveCfg = Release|Any CPU
		{69174D07-11C5-40FA-AFC8-EB348FBE64B4}.Release|x86.Build.0 = Release|Any CPU
		{5C097776-AC94-46C7-B257-5CC4DD39DF67}.Debug|Any CPU.ActiveCfg = Debug|Any CPU
		{5C097776-AC94-46C7-B257-5CC4DD39DF67}.Debug|Any CPU.Build.0 = Debug|Any CPU
		{5C097776-AC94-46C7-B257-5CC4DD39DF67}.Debug|x64.ActiveCfg = Debug|Any CPU
		{5C097776-AC94-46C7-B257-5CC4DD39DF67}.Debug|x64.Build.0 = Debug|Any CPU
		{5C097776-AC94-46C7-B257-5CC4DD39DF67}.Debug|x86.ActiveCfg = Debug|Any CPU
		{5C097776-AC94-46C7-B257-5CC4DD39DF67}.Debug|x86.Build.0 = Debug|Any CPU
		{5C097776-AC94-46C7-B257-5CC4DD39DF67}.Release|Any CPU.ActiveCfg = Release|Any CPU
		{5C097776-AC94-46C7-B257-5CC4DD39DF67}.Release|Any CPU.Build.0 = Release|Any CPU
		{5C097776-AC94-46C7-B257-5CC4DD39DF67}.Release|x64.ActiveCfg = Release|Any CPU
		{5C097776-AC94-46C7-B257-5CC4DD39DF67}.Release|x64.Build.0 = Release|Any CPU
		{5C097776-AC94-46C7-B257-5CC4DD39DF67}.Release|x86.ActiveCfg = Release|Any CPU
		{5C097776-AC94-46C7-B257-5CC4DD39DF67}.Release|x86.Build.0 = Release|Any CPU
		{7527CADC-BF6A-4F99-846F-92122ACFB155}.Debug|Any CPU.ActiveCfg = Debug|Any CPU
		{7527CADC-BF6A-4F99-846F-92122ACFB155}.Debug|Any CPU.Build.0 = Debug|Any CPU
		{7527CADC-BF6A-4F99-846F-92122ACFB155}.Debug|x64.ActiveCfg = Debug|Any CPU
		{7527CADC-BF6A-4F99-846F-92122ACFB155}.Debug|x64.Build.0 = Debug|Any CPU
		{7527CADC-BF6A-4F99-846F-92122ACFB155}.Debug|x86.ActiveCfg = Debug|Any CPU
		{7527CADC-BF6A-4F99-846F-92122ACFB155}.Debug|x86.Build.0 = Debug|Any CPU
		{7527CADC-BF6A-4F99-846F-92122ACFB155}.Release|Any CPU.ActiveCfg = Release|Any CPU
		{7527CADC-BF6A-4F99-846F-92122ACFB155}.Release|Any CPU.Build.0 = Release|Any CPU
		{7527CADC-BF6A-4F99-846F-92122ACFB155}.Release|x64.ActiveCfg = Release|Any CPU
		{7527CADC-BF6A-4F99-846F-92122ACFB155}.Release|x64.Build.0 = Release|Any CPU
		{7527CADC-BF6A-4F99-846F-92122ACFB155}.Release|x86.ActiveCfg = Release|Any CPU
		{7527CADC-BF6A-4F99-846F-92122ACFB155}.Release|x86.Build.0 = Release|Any CPU
	EndGlobalSection
	GlobalSection(SolutionProperties) = preSolution
		HideSolutionNode = FALSE
	EndGlobalSection
	GlobalSection(NestedProjects) = preSolution
		{282EAE3D-DBB0-4459-8E2D-3596A3F7E2CF} = {827E0CD3-B72D-47B6-A68D-7590B98EB39B}
		{DC4F33AC-2CEF-4C80-A2EE-12CBD428289C} = {0AB3BF05-4346-4AA6-1389-037BE0695223}
		{1F29A343-A7B8-462B-8650-7464CBF77A3A} = {B36A84DF-456D-A817-6EDD-3EC3E7F6E11F}
		{69174D07-11C5-40FA-AFC8-EB348FBE64B4} = {B36A84DF-456D-A817-6EDD-3EC3E7F6E11F}
		{5C097776-AC94-46C7-B257-5CC4DD39DF67} = {B36A84DF-456D-A817-6EDD-3EC3E7F6E11F}
		{CBE37AA6-AD59-4A21-A8B0-4208A190EF53} = {77806389-A6B4-4A95-9671-AC93E23FD073}
		{7527CADC-BF6A-4F99-846F-92122ACFB155} = {0AB3BF05-4346-4AA6-1389-037BE0695223}
	EndGlobalSection
EndGlobal
