
Microsoft Visual Studio Solution File, Format Version 12.00
# Visual Studio Version 17
VisualStudioVersion = 17.0.31903.59
MinimumVisualStudioVersion = 10.0.40219.1
Project("{2150E333-8FDC-42A3-9474-1A3956D46DE8}") = "src", "src", "{827E0CD3-B72D-47B6-A68D-7590B98EB39B}"
EndProject
Project("{FAE04EC0-301F-11D3-BF4B-00C04F79EFBC}") = "Asynkron.JsEngine", "src\Asynkron.JsEngine\Asynkron.JsEngine.csproj", "{282EAE3D-DBB0-4459-8E2D-3596A3F7E2CF}"
EndProject
Project("{2150E333-8FDC-42A3-9474-1A3956D46DE8}") = "tests", "tests", "{0AB3BF05-4346-4AA6-1389-037BE0695223}"
EndProject
Project("{FAE04EC0-301F-11D3-BF4B-00C04F79EFBC}") = "Asynkron.JsEngine.Tests", "tests\Asynkron.JsEngine.Tests\Asynkron.JsEngine.Tests.csproj", "{DC4F33AC-2CEF-4C80-A2EE-12CBD428289C}"
EndProject
Project("{2150E333-8FDC-42A3-9474-1A3956D46DE8}") = "examples", "examples", "{B36A84DF-456D-A817-6EDD-3EC3E7F6E11F}"
EndProject
Project("{FAE04EC0-301F-11D3-BF4B-00C04F79EFBC}") = "Demo", "examples\Demo\Demo.csproj", "{1F29A343-A7B8-462B-8650-7464CBF77A3A}"
EndProject
Project("{FAE04EC0-301F-11D3-BF4B-00C04F79EFBC}") = "NpmPackageDemo", "examples\NpmPackageDemo\NpmPackageDemo.csproj", "{5C097776-AC94-46C7-B257-5CC4DD39DF67}"
EndProject
Project("{2150E333-8FDC-42A3-9474-1A3956D46DE8}") = ".meta", ".meta", "{77806389-A6B4-4A95-9671-AC93E23FD073}"
	ProjectSection(SolutionItems) = preProject
		AGENTS.md = AGENTS.md
		README.md = README.md
		.editorconfig = .editorconfig
		CLAUDE.md = CLAUDE.md
		.claude\settings.local.json = .claude\settings.local.json
		Directory.Build.props = Directory.Build.props
	EndProjectSection
EndProject
Project("{2150E333-8FDC-42A3-9474-1A3956D46DE8}") = "docs", "docs", "{CBE37AA6-AD59-4A21-A8B0-4208A190EF53}"
	ProjectSection(SolutionItems) = preProject
		docs\jint-vs-jsengine-comparison.md = docs\jint-vs-jsengine-comparison.md
	EndProjectSection
EndProject
Project("{FAE04EC0-301F-11D3-BF4B-00C04F79EFBC}") = "Asynkron.JsEngine.Tests.Test262", "tests\Asynkron.JsEngine.Tests.Test262\Asynkron.JsEngine.Tests.Test262.csproj", "{7527CADC-BF6A-4F99-846F-92122ACFB155}"
EndProject
Project("{FAE04EC0-301F-11D3-BF4B-00C04F79EFBC}") = "Asynkron.JsEngine.Generators", "src\Asynkron.JsEngine.Generators\Asynkron.JsEngine.Generators.csproj", "{A1A0C2D6-9BFB-4F29-A2B6-8D26FBDD36D5}"
EndProject
Project("{2150E333-8FDC-42A3-9474-1A3956D46DE8}") = "benchmarks", "benchmarks", "{F8A3D1E2-B4C5-4D6E-8F9A-0B1C2D3E4F5A}"
EndProject
Project("{FAE04EC0-301F-11D3-BF4B-00C04F79EFBC}") = "Asynkron.JsEngine.Benchmarks", "benchmarks\Asynkron.JsEngine.Benchmarks\Asynkron.JsEngine.Benchmarks.csproj", "{D5E6F7A8-B9C0-4D1E-2F3A-4B5C6D7E8F9A}"
EndProject
Project("{2150E333-8FDC-42A3-9474-1A3956D46DE8}") = "tools", "tools", "{95C5BFA4-0A4E-46B9-AB43-9040A770C140}"
	ProjectSection(SolutionItems) = preProject
		tools\profile-manifest.json = tools\profile-manifest.json
	EndProjectSection
EndProject
Project("{FAE04EC0-301F-11D3-BF4B-00C04F79EFBC}") = "Asynkron.JsEngine.Tests.Helpers", "tests\Asynkron.JsEngine.Tests.Helpers\Asynkron.JsEngine.Tests.Helpers.csproj", "{EC08E5A7-AF36-4FA2-AE61-E27C17F4A091}"
EndProject
Project("{FAE04EC0-301F-11D3-BF4B-00C04F79EFBC}") = "ProfileRunner", "tools\ProfileRunner\ProfileRunner.csproj", "{36599B14-23F5-483B-A715-BFC5B1663D83}"
EndProject
Project("{2150E333-8FDC-42A3-9474-1A3956D46DE8}") = "Scripts", "Scripts", "{9BC3EB28-7705-423A-9DB2-6335CCB3A7A4}"
	ProjectSection(SolutionItems) = preProject
		tools\profile-scripts\forofiteration.js = tools\profile-scripts\forofiteration.js
		tools\profile-scripts\asyncpending.js = tools\profile-scripts\asyncpending.js
		tools\profile-scripts\asyncresolved.js = tools\profile-scripts\asyncresolved.js
		tools\profile-scripts\asyncforof.js = tools\profile-scripts\asyncforof.js
		tools\profile-scripts\asyncgen.js = tools\profile-scripts\asyncgen.js
		tools\profile-scripts\generator.js = tools\profile-scripts\generator.js
		tools\profile-scripts\asyncawait.js = tools\profile-scripts\asyncawait.js
		tools\profile-scripts\promise.js = tools\profile-scripts\promise.js
		tools\profile-scripts\regex.js = tools\profile-scripts\regex.js
		tools\profile-scripts\json.js = tools\profile-scripts\json.js
		tools\profile-scripts\mapset.js = tools\profile-scripts\mapset.js
		tools\profile-scripts\spread.js = tools\profile-scripts\spread.js
		tools\profile-scripts\destructuring.js = tools\profile-scripts\destructuring.js
		tools\profile-scripts\classdef.js = tools\profile-scripts\classdef.js
		tools\profile-scripts\propertyaccess.js = tools\profile-scripts\propertyaccess.js
		tools\profile-scripts\recursion.js = tools\profile-scripts\recursion.js
		tools\profile-scripts\closures.js = tools\profile-scripts\closures.js
		tools\profile-scripts\functioncalls.js = tools\profile-scripts\functioncalls.js
		tools\profile-scripts\stringops.js = tools\profile-scripts\stringops.js
		tools\profile-scripts\arrayops.js = tools\profile-scripts\arrayops.js
		tools\profile-scripts\objectcreation.js = tools\profile-scripts\objectcreation.js
		tools\profile-scripts\whileloop.js = tools\profile-scripts\whileloop.js
		tools\profile-scripts\simplearithmetic.js = tools\profile-scripts\simplearithmetic.js
		tools\profile-scripts\forloop.js = tools\profile-scripts\forloop.js
		tools\profile-scripts\fib.js = tools\profile-scripts\fib.js
	EndProjectSection
EndProject
Global
	GlobalSection(SolutionConfigurationPlatforms) = preSolution
		Debug|Any CPU = Debug|Any CPU
		Debug|x64 = Debug|x64
		Debug|x86 = Debug|x86
		Release|Any CPU = Release|Any CPU
		Release|x64 = Release|x64
		Release|x86 = Release|x86
	EndGlobalSection
	GlobalSection(ProjectConfigurationPlatforms) = postSolution
		{282EAE3D-DBB0-4459-8E2D-3596A3F7E2CF}.Debug|Any CPU.ActiveCfg = Debug|Any CPU
		{282EAE3D-DBB0-4459-8E2D-3596A3F7E2CF}.Debug|Any CPU.Build.0 = Debug|Any CPU
		{282EAE3D-DBB0-4459-8E2D-3596A3F7E2CF}.Debug|x64.ActiveCfg = Debug|Any CPU
		{282EAE3D-DBB0-4459-8E2D-3596A3F7E2CF}.Debug|x64.Build.0 = Debug|Any CPU
		{282EAE3D-DBB0-4459-8E2D-3596A3F7E2CF}.Debug|x86.ActiveCfg = Debug|Any CPU
		{282EAE3D-DBB0-4459-8E2D-3596A3F7E2CF}.Debug|x86.Build.0 = Debug|Any CPU
		{282EAE3D-DBB0-4459-8E2D-3596A3F7E2CF}.Release|Any CPU.ActiveCfg = Release|Any CPU
		{282EAE3D-DBB0-4459-8E2D-3596A3F7E2CF}.Release|Any CPU.Build.0 = Release|Any CPU
		{282EAE3D-DBB0-4459-8E2D-3596A3F7E2CF}.Release|x64.ActiveCfg = Release|Any CPU
		{282EAE3D-DBB0-4459-8E2D-3596A3F7E2CF}.Release|x64.Build.0 = Release|Any CPU
		{282EAE3D-DBB0-4459-8E2D-3596A3F7E2CF}.Release|x86.ActiveCfg = Release|Any CPU
		{282EAE3D-DBB0-4459-8E2D-3596A3F7E2CF}.Release|x86.Build.0 = Release|Any CPU
		{DC4F33AC-2CEF-4C80-A2EE-12CBD428289C}.Debug|Any CPU.ActiveCfg = Debug|Any CPU
		{DC4F33AC-2CEF-4C80-A2EE-12CBD428289C}.Debug|Any CPU.Build.0 = Debug|Any CPU
		{DC4F33AC-2CEF-4C80-A2EE-12CBD428289C}.Debug|x64.ActiveCfg = Debug|Any CPU
		{DC4F33AC-2CEF-4C80-A2EE-12CBD428289C}.Debug|x64.Build.0 = Debug|Any CPU
		{DC4F33AC-2CEF-4C80-A2EE-12CBD428289C}.Debug|x86.ActiveCfg = Debug|Any CPU
		{DC4F33AC-2CEF-4C80-A2EE-12CBD428289C}.Debug|x86.Build.0 = Debug|Any CPU
		{DC4F33AC-2CEF-4C80-A2EE-12CBD428289C}.Release|Any CPU.ActiveCfg = Release|Any CPU
		{DC4F33AC-2CEF-4C80-A2EE-12CBD428289C}.Release|Any CPU.Build.0 = Release|Any CPU
		{DC4F33AC-2CEF-4C80-A2EE-12CBD428289C}.Release|x64.ActiveCfg = Release|Any CPU
		{DC4F33AC-2CEF-4C80-A2EE-12CBD428289C}.Release|x64.Build.0 = Release|Any CPU
		{DC4F33AC-2CEF-4C80-A2EE-12CBD428289C}.Release|x86.ActiveCfg = Release|Any CPU
		{DC4F33AC-2CEF-4C80-A2EE-12CBD428289C}.Release|x86.Build.0 = Release|Any CPU
		{1F29A343-A7B8-462B-8650-7464CBF77A3A}.Debug|Any CPU.ActiveCfg = Debug|Any CPU
		{1F29A343-A7B8-462B-8650-7464CBF77A3A}.Debug|Any CPU.Build.0 = Debug|Any CPU
		{1F29A343-A7B8-462B-8650-7464CBF77A3A}.Debug|x64.ActiveCfg = Debug|Any CPU
		{1F29A343-A7B8-462B-8650-7464CBF77A3A}.Debug|x64.Build.0 = Debug|Any CPU
		{1F29A343-A7B8-462B-8650-7464CBF77A3A}.Debug|x86.ActiveCfg = Debug|Any CPU
		{1F29A343-A7B8-462B-8650-7464CBF77A3A}.Debug|x86.Build.0 = Debug|Any CPU
		{1F29A343-A7B8-462B-8650-7464CBF77A3A}.Release|Any CPU.ActiveCfg = Release|Any CPU
		{1F29A343-A7B8-462B-8650-7464CBF77A3A}.Release|Any CPU.Build.0 = Release|Any CPU
		{1F29A343-A7B8-462B-8650-7464CBF77A3A}.Release|x64.ActiveCfg = Release|Any CPU
		{1F29A343-A7B8-462B-8650-7464CBF77A3A}.Release|x64.Build.0 = Release|Any CPU
		{1F29A343-A7B8-462B-8650-7464CBF77A3A}.Release|x86.ActiveCfg = Release|Any CPU
		{1F29A343-A7B8-462B-8650-7464CBF77A3A}.Release|x86.Build.0 = Release|Any CPU
		{5C097776-AC94-46C7-B257-5CC4DD39DF67}.Debug|Any CPU.ActiveCfg = Debug|Any CPU
		{5C097776-AC94-46C7-B257-5CC4DD39DF67}.Debug|Any CPU.Build.0 = Debug|Any CPU
		{5C097776-AC94-46C7-B257-5CC4DD39DF67}.Debug|x64.ActiveCfg = Debug|Any CPU
		{5C097776-AC94-46C7-B257-5CC4DD39DF67}.Debug|x64.Build.0 = Debug|Any CPU
		{5C097776-AC94-46C7-B257-5CC4DD39DF67}.Debug|x86.ActiveCfg = Debug|Any CPU
		{5C097776-AC94-46C7-B257-5CC4DD39DF67}.Debug|x86.Build.0 = Debug|Any CPU
		{5C097776-AC94-46C7-B257-5CC4DD39DF67}.Release|Any CPU.ActiveCfg = Release|Any CPU
		{5C097776-AC94-46C7-B257-5CC4DD39DF67}.Release|Any CPU.Build.0 = Release|Any CPU
		{5C097776-AC94-46C7-B257-5CC4DD39DF67}.Release|x64.ActiveCfg = Release|Any CPU
		{5C097776-AC94-46C7-B257-5CC4DD39DF67}.Release|x64.Build.0 = Release|Any CPU
		{5C097776-AC94-46C7-B257-5CC4DD39DF67}.Release|x86.ActiveCfg = Release|Any CPU
		{5C097776-AC94-46C7-B257-5CC4DD39DF67}.Release|x86.Build.0 = Release|Any CPU
		{7527CADC-BF6A-4F99-846F-92122ACFB155}.Debug|Any CPU.ActiveCfg = Debug|Any CPU
		{7527CADC-BF6A-4F99-846F-92122ACFB155}.Debug|Any CPU.Build.0 = Debug|Any CPU
		{7527CADC-BF6A-4F99-846F-92122ACFB155}.Debug|x64.ActiveCfg = Debug|Any CPU
		{7527CADC-BF6A-4F99-846F-92122ACFB155}.Debug|x64.Build.0 = Debug|Any CPU
		{7527CADC-BF6A-4F99-846F-92122ACFB155}.Debug|x86.ActiveCfg = Debug|Any CPU
		{7527CADC-BF6A-4F99-846F-92122ACFB155}.Debug|x86.Build.0 = Debug|Any CPU
		{7527CADC-BF6A-4F99-846F-92122ACFB155}.Release|Any CPU.ActiveCfg = Release|Any CPU
		{7527CADC-BF6A-4F99-846F-92122ACFB155}.Release|Any CPU.Build.0 = Release|Any CPU
		{7527CADC-BF6A-4F99-846F-92122ACFB155}.Release|x64.ActiveCfg = Release|Any CPU
		{7527CADC-BF6A-4F99-846F-92122ACFB155}.Release|x64.Build.0 = Release|Any CPU
		{7527CADC-BF6A-4F99-846F-92122ACFB155}.Release|x86.ActiveCfg = Release|Any CPU
		{7527CADC-BF6A-4F99-846F-92122ACFB155}.Release|x86.Build.0 = Release|Any CPU
		{A1A0C2D6-9BFB-4F29-A2B6-8D26FBDD36D5}.Debug|Any CPU.ActiveCfg = Debug|Any CPU
		{A1A0C2D6-9BFB-4F29-A2B6-8D26FBDD36D5}.Debug|Any CPU.Build.0 = Debug|Any CPU
		{A1A0C2D6-9BFB-4F29-A2B6-8D26FBDD36D5}.Debug|x64.ActiveCfg = Debug|Any CPU
		{A1A0C2D6-9BFB-4F29-A2B6-8D26FBDD36D5}.Debug|x64.Build.0 = Debug|Any CPU
		{A1A0C2D6-9BFB-4F29-A2B6-8D26FBDD36D5}.Debug|x86.ActiveCfg = Debug|Any CPU
		{A1A0C2D6-9BFB-4F29-A2B6-8D26FBDD36D5}.Debug|x86.Build.0 = Debug|Any CPU
		{A1A0C2D6-9BFB-4F29-A2B6-8D26FBDD36D5}.Release|Any CPU.ActiveCfg = Release|Any CPU
		{A1A0C2D6-9BFB-4F29-A2B6-8D26FBDD36D5}.Release|Any CPU.Build.0 = Release|Any CPU
		{A1A0C2D6-9BFB-4F29-A2B6-8D26FBDD36D5}.Release|x64.ActiveCfg = Release|Any CPU
		{A1A0C2D6-9BFB-4F29-A2B6-8D26FBDD36D5}.Release|x64.Build.0 = Release|Any CPU
		{A1A0C2D6-9BFB-4F29-A2B6-8D26FBDD36D5}.Release|x86.ActiveCfg = Release|Any CPU
		{A1A0C2D6-9BFB-4F29-A2B6-8D26FBDD36D5}.Release|x86.Build.0 = Release|Any CPU
		{D5E6F7A8-B9C0-4D1E-2F3A-4B5C6D7E8F9A}.Debug|Any CPU.ActiveCfg = Debug|Any CPU
		{D5E6F7A8-B9C0-4D1E-2F3A-4B5C6D7E8F9A}.Debug|Any CPU.Build.0 = Debug|Any CPU
		{D5E6F7A8-B9C0-4D1E-2F3A-4B5C6D7E8F9A}.Debug|x64.ActiveCfg = Debug|Any CPU
		{D5E6F7A8-B9C0-4D1E-2F3A-4B5C6D7E8F9A}.Debug|x64.Build.0 = Debug|Any CPU
		{D5E6F7A8-B9C0-4D1E-2F3A-4B5C6D7E8F9A}.Debug|x86.ActiveCfg = Debug|Any CPU
		{D5E6F7A8-B9C0-4D1E-2F3A-4B5C6D7E8F9A}.Debug|x86.Build.0 = Debug|Any CPU
		{D5E6F7A8-B9C0-4D1E-2F3A-4B5C6D7E8F9A}.Release|Any CPU.ActiveCfg = Release|Any CPU
		{D5E6F7A8-B9C0-4D1E-2F3A-4B5C6D7E8F9A}.Release|Any CPU.Build.0 = Release|Any CPU
		{D5E6F7A8-B9C0-4D1E-2F3A-4B5C6D7E8F9A}.Release|x64.ActiveCfg = Release|Any CPU
		{D5E6F7A8-B9C0-4D1E-2F3A-4B5C6D7E8F9A}.Release|x64.Build.0 = Release|Any CPU
		{D5E6F7A8-B9C0-4D1E-2F3A-4B5C6D7E8F9A}.Release|x86.ActiveCfg = Release|Any CPU
		{D5E6F7A8-B9C0-4D1E-2F3A-4B5C6D7E8F9A}.Release|x86.Build.0 = Release|Any CPU
		{EC08E5A7-AF36-4FA2-AE61-E27C17F4A091}.Debug|Any CPU.ActiveCfg = Debug|Any CPU
		{EC08E5A7-AF36-4FA2-AE61-E27C17F4A091}.Debug|Any CPU.Build.0 = Debug|Any CPU
		{EC08E5A7-AF36-4FA2-AE61-E27C17F4A091}.Debug|x64.ActiveCfg = Debug|Any CPU
		{EC08E5A7-AF36-4FA2-AE61-E27C17F4A091}.Debug|x64.Build.0 = Debug|Any CPU
		{EC08E5A7-AF36-4FA2-AE61-E27C17F4A091}.Debug|x86.ActiveCfg = Debug|Any CPU
		{EC08E5A7-AF36-4FA2-AE61-E27C17F4A091}.Debug|x86.Build.0 = Debug|Any CPU
		{EC08E5A7-AF36-4FA2-AE61-E27C17F4A091}.Release|Any CPU.ActiveCfg = Release|Any CPU
		{EC08E5A7-AF36-4FA2-AE61-E27C17F4A091}.Release|Any CPU.Build.0 = Release|Any CPU
		{EC08E5A7-AF36-4FA2-AE61-E27C17F4A091}.Release|x64.ActiveCfg = Release|Any CPU
		{EC08E5A7-AF36-4FA2-AE61-E27C17F4A091}.Release|x64.Build.0 = Release|Any CPU
		{EC08E5A7-AF36-4FA2-AE61-E27C17F4A091}.Release|x86.ActiveCfg = Release|Any CPU
		{EC08E5A7-AF36-4FA2-AE61-E27C17F4A091}.Release|x86.Build.0 = Release|Any CPU
		{36599B14-23F5-483B-A715-BFC5B1663D83}.Debug|Any CPU.ActiveCfg = Debug|Any CPU
		{36599B14-23F5-483B-A715-BFC5B1663D83}.Debug|Any CPU.Build.0 = Debug|Any CPU
		{36599B14-23F5-483B-A715-BFC5B1663D83}.Debug|x64.ActiveCfg = Debug|Any CPU
		{36599B14-23F5-483B-A715-BFC5B1663D83}.Debug|x64.Build.0 = Debug|Any CPU
		{36599B14-23F5-483B-A715-BFC5B1663D83}.Debug|x86.ActiveCfg = Debug|Any CPU
		{36599B14-23F5-483B-A715-BFC5B1663D83}.Debug|x86.Build.0 = Debug|Any CPU
		{36599B14-23F5-483B-A715-BFC5B1663D83}.Release|Any CPU.ActiveCfg = Release|Any CPU
		{36599B14-23F5-483B-A715-BFC5B1663D83}.Release|Any CPU.Build.0 = Release|Any CPU
		{36599B14-23F5-483B-A715-BFC5B1663D83}.Release|x64.ActiveCfg = Release|Any CPU
		{36599B14-23F5-483B-A715-BFC5B1663D83}.Release|x64.Build.0 = Release|Any CPU
		{36599B14-23F5-483B-A715-BFC5B1663D83}.Release|x86.ActiveCfg = Release|Any CPU
		{36599B14-23F5-483B-A715-BFC5B1663D83}.Release|x86.Build.0 = Release|Any CPU
	EndGlobalSection
	GlobalSection(SolutionProperties) = preSolution
		HideSolutionNode = FALSE
	EndGlobalSection
	GlobalSection(NestedProjects) = preSolution
		{282EAE3D-DBB0-4459-8E2D-3596A3F7E2CF} = {827E0CD3-B72D-47B6-A68D-7590B98EB39B}
		{DC4F33AC-2CEF-4C80-A2EE-12CBD428289C} = {0AB3BF05-4346-4AA6-1389-037BE0695223}
		{1F29A343-A7B8-462B-8650-7464CBF77A3A} = {B36A84DF-456D-A817-6EDD-3EC3E7F6E11F}
		{5C097776-AC94-46C7-B257-5CC4DD39DF67} = {B36A84DF-456D-A817-6EDD-3EC3E7F6E11F}
		{CBE37AA6-AD59-4A21-A8B0-4208A190EF53} = {77806389-A6B4-4A95-9671-AC93E23FD073}
		{7527CADC-BF6A-4F99-846F-92122ACFB155} = {0AB3BF05-4346-4AA6-1389-037BE0695223}
		{A1A0C2D6-9BFB-4F29-A2B6-8D26FBDD36D5} = {827E0CD3-B72D-47B6-A68D-7590B98EB39B}
		{D5E6F7A8-B9C0-4D1E-2F3A-4B5C6D7E8F9A} = {F8A3D1E2-B4C5-4D6E-8F9A-0B1C2D3E4F5A}
		{EC08E5A7-AF36-4FA2-AE61-E27C17F4A091} = {0AB3BF05-4346-4AA6-1389-037BE0695223}
		{36599B14-23F5-483B-A715-BFC5B1663D83} = {95C5BFA4-0A4E-46B9-AB43-9040A770C140}
		{9BC3EB28-7705-423A-9DB2-6335CCB3A7A4} = {95C5BFA4-0A4E-46B9-AB43-9040A770C140}
	EndGlobalSection
EndGlobal
