
Microsoft Visual Studio Solution File, Format Version 12.00
# Visual Studio Version 17
VisualStudioVersion = 17.0.31903.59
MinimumVisualStudioVersion = 10.0.40219.1
Project("{2150E333-8FDC-42A3-9474-1A3956D46DE8}") = "src", "src", "{827E0CD3-B72D-47B6-A68D-7590B98EB39B}"
EndProject
Project("{FAE04EC0-301F-11D3-BF4B-00C04F79EFBC}") = "Asynkron.JsEngine", "src\Asynkron.JsEngine\Asynkron.JsEngine.csproj", "{282EAE3D-DBB0-4459-8E2D-3596A3F7E2CF}"
EndProject
Project("{2150E333-8FDC-42A3-9474-1A3956D46DE8}") = "tests", "tests", "{0AB3BF05-4346-4AA6-1389-037BE0695223}"
EndProject
Project("{FAE04EC0-301F-11D3-BF4B-00C04F79EFBC}") = "Asynkron.JsEngine.Tests", "tests\Asynkron.JsEngine.Tests\Asynkron.JsEngine.Tests.csproj", "{DC4F33AC-2CEF-4C80-A2EE-12CBD428289C}"
EndProject
Project("{2150E333-8FDC-42A3-9474-1A3956D46DE8}") = "examples", "examples", "{B36A84DF-456D-A817-6EDD-3EC3E7F6E11F}"
EndProject
Project("{FAE04EC0-301F-11D3-BF4B-00C04F79EFBC}") = "Demo", "examples\Demo\Demo.csproj", "{1F29A343-A7B8-462B-8650-7464CBF77A3A}"
EndProject
Project("{FAE04EC0-301F-11D3-BF4B-00C04F79EFBC}") = "SExpressionDemo", "examples\SExpressionDemo\SExpressionDemo.csproj", "{69174D07-11C5-40FA-AFC8-EB348FBE64B4}"
EndProject
Project("{FAE04EC0-301F-11D3-BF4B-00C04F79EFBC}") = "NpmPackageDemo", "examples\NpmPackageDemo\NpmPackageDemo.csproj", "{5C097776-AC94-46C7-B257-5CC4DD39DF67}"
EndProject
Project("{2150E333-8FDC-42A3-9474-1A3956D46DE8}") = ".meta", ".meta", "{77806389-A6B4-4A95-9671-AC93E23FD073}"
	ProjectSection(SolutionItems) = preProject
		AGENTS.md = AGENTS.md
		README.md = README.md
		.editorconfig = .editorconfig
		worktree.md = worktree.md
		CLAUDE.md = CLAUDE.md
		spec.md = spec.md
	EndProjectSection
EndProject
Project("{2150E333-8FDC-42A3-9474-1A3956D46DE8}") = "docs", "docs", "{CBE37AA6-AD59-4A21-A8B0-4208A190EF53}"
	ProjectSection(SolutionItems) = preProject
		docs\memory-profiling.md = docs\memory-profiling.md
		docs\loops.md = docs\loops.md
		docs\jint-vs-jsengine-comparison.md = docs\jint-vs-jsengine-comparison.md
		docs\bytecode.md = docs\bytecode.md
		docs\bytecode-migration.md = docs\bytecode-migration.md
		docs\benchmarks\after-optimizations-2024-12-13.md = docs\benchmarks\after-optimizations-2024-12-13.md
		docs\benchmarks\baseline-2024-12-13.md = docs\benchmarks\baseline-2024-12-13.md
		docs\standardlibrary-source-generator.md = docs\standardlibrary-source-generator.md
		docs\GENERATOR_IR_LIMITATIONS.md = docs\GENERATOR_IR_LIMITATIONS.md
	EndProjectSection
EndProject
Project("{FAE04EC0-301F-11D3-BF4B-00C04F79EFBC}") = "Asynkron.JsEngine.Tests.Test262", "tests\Asynkron.JsEngine.Tests.Test262\Asynkron.JsEngine.Tests.Test262.csproj", "{7527CADC-BF6A-4F99-846F-92122ACFB155}"
EndProject
Project("{FAE04EC0-301F-11D3-BF4B-00C04F79EFBC}") = "Asynkron.JsEngine.Generators", "src\Asynkron.JsEngine.Generators\Asynkron.JsEngine.Generators.csproj", "{A1A0C2D6-9BFB-4F29-A2B6-8D26FBDD36D5}"
EndProject
Project("{2150E333-8FDC-42A3-9474-1A3956D46DE8}") = "benchmarks", "benchmarks", "{F8A3D1E2-B4C5-4D6E-8F9A-0B1C2D3E4F5A}"
EndProject
Project("{FAE04EC0-301F-11D3-BF4B-00C04F79EFBC}") = "Asynkron.JsEngine.Benchmarks", "benchmarks\Asynkron.JsEngine.Benchmarks\Asynkron.JsEngine.Benchmarks.csproj", "{D5E6F7A8-B9C0-4D1E-2F3A-4B5C6D7E8F9A}"
EndProject
Project("{2150E333-8FDC-42A3-9474-1A3956D46DE8}") = "tools", "tools", "{95C5BFA4-0A4E-46B9-AB43-9040A770C140}"
EndProject
Project("{FAE04EC0-301F-11D3-BF4B-00C04F79EFBC}") = "ForLoopProfile", "tools\ForLoopProfile\ForLoopProfile.csproj", "{2970B01B-EF4A-4042-B348-FF9482B1BA41}"
EndProject
Project("{FAE04EC0-301F-11D3-BF4B-00C04F79EFBC}") = "FibonacciProfile", "tools\FibonacciProfile\FibonacciProfile.csproj", "{18442890-682E-4FBF-8F41-F1CB77C4C670}"
EndProject
Project("{FAE04EC0-301F-11D3-BF4B-00C04F79EFBC}") = "SimpleArithmeticProfile", "tools\SimpleArithmeticProfile\SimpleArithmeticProfile.csproj", "{96CF3C17-8088-414E-A16E-3995CF1CAF53}"
EndProject
Project("{FAE04EC0-301F-11D3-BF4B-00C04F79EFBC}") = "WhileLoopProfile", "tools\WhileLoopProfile\WhileLoopProfile.csproj", "{30930387-7CDE-48A2-BB88-14A890EE922C}"
EndProject
Project("{FAE04EC0-301F-11D3-BF4B-00C04F79EFBC}") = "ObjectCreationProfile", "tools\ObjectCreationProfile\ObjectCreationProfile.csproj", "{16B2EBF0-011C-42A7-B33F-BAB756E63F79}"
EndProject
Project("{FAE04EC0-301F-11D3-BF4B-00C04F79EFBC}") = "ArrayOperationsProfile", "tools\ArrayOperationsProfile\ArrayOperationsProfile.csproj", "{9D982231-96C1-4EEC-AC72-EA159318202D}"
EndProject
Project("{FAE04EC0-301F-11D3-BF4B-00C04F79EFBC}") = "StringOperationsProfile", "tools\StringOperationsProfile\StringOperationsProfile.csproj", "{D5DC8C52-3461-4443-A360-51B8F9A90054}"
EndProject
Project("{FAE04EC0-301F-11D3-BF4B-00C04F79EFBC}") = "FunctionCallsProfile", "tools\FunctionCallsProfile\FunctionCallsProfile.csproj", "{BB489E83-39B5-4222-9743-66DA2838D098}"
EndProject
Project("{FAE04EC0-301F-11D3-BF4B-00C04F79EFBC}") = "ClosuresProfile", "tools\ClosuresProfile\ClosuresProfile.csproj", "{E55F3B56-DB14-470D-96C5-1BE4284C868E}"
EndProject
Project("{FAE04EC0-301F-11D3-BF4B-00C04F79EFBC}") = "RecursionProfile", "tools\RecursionProfile\RecursionProfile.csproj", "{98E47293-2148-46F8-A198-3AC2DDE19322}"
EndProject
Project("{FAE04EC0-301F-11D3-BF4B-00C04F79EFBC}") = "PropertyAccessProfile", "tools\PropertyAccessProfile\PropertyAccessProfile.csproj", "{24790DC9-36D7-4FE8-8974-764BB66413EC}"
EndProject
Project("{FAE04EC0-301F-11D3-BF4B-00C04F79EFBC}") = "ClassDefinitionProfile", "tools\ClassDefinitionProfile\ClassDefinitionProfile.csproj", "{E7E3D3EB-E924-491F-A999-AF912A232B04}"
EndProject
Project("{FAE04EC0-301F-11D3-BF4B-00C04F79EFBC}") = "DestructuringProfile", "tools\DestructuringProfile\DestructuringProfile.csproj", "{B313A371-1CF2-4673-B32D-F015EAD4F24D}"
EndProject
Project("{FAE04EC0-301F-11D3-BF4B-00C04F79EFBC}") = "SpreadOperatorProfile", "tools\SpreadOperatorProfile\SpreadOperatorProfile.csproj", "{A03FE239-18E1-4DC5-A3EE-C23355722438}"
EndProject
Project("{FAE04EC0-301F-11D3-BF4B-00C04F79EFBC}") = "MapSetProfile", "tools\MapSetProfile\MapSetProfile.csproj", "{E90AD9B4-3D61-4711-8EF2-B32AF0CAFA7C}"
EndProject
Project("{FAE04EC0-301F-11D3-BF4B-00C04F79EFBC}") = "JsonOperationsProfile", "tools\JsonOperationsProfile\JsonOperationsProfile.csproj", "{843F5D91-C211-400D-B15E-DBC420076E7E}"
EndProject
Project("{FAE04EC0-301F-11D3-BF4B-00C04F79EFBC}") = "RegexOperationsProfile", "tools\RegexOperationsProfile\RegexOperationsProfile.csproj", "{7A6B54EA-D72C-4F0E-9A5B-EF1D8C7C94C3}"
EndProject
Project("{FAE04EC0-301F-11D3-BF4B-00C04F79EFBC}") = "PromiseBasicProfile", "tools\PromiseBasicProfile\PromiseBasicProfile.csproj", "{2C3E7531-E6B6-4068-A259-8292A4246BEE}"
EndProject
Project("{FAE04EC0-301F-11D3-BF4B-00C04F79EFBC}") = "AsyncAwaitProfile", "tools\AsyncAwaitProfile\AsyncAwaitProfile.csproj", "{273DD954-AEB6-4B20-81DB-9360E23E49F7}"
EndProject
Project("{FAE04EC0-301F-11D3-BF4B-00C04F79EFBC}") = "GeneratorFunctionProfile", "tools\GeneratorFunctionProfile\GeneratorFunctionProfile.csproj", "{AA05BCC6-5C15-4FC1-8FC0-423F72BD6DCF}"
EndProject
Project("{FAE04EC0-301F-11D3-BF4B-00C04F79EFBC}") = "AsyncGeneratorFunctionProfile", "tools\AsyncGeneratorFunctionProfile\AsyncGeneratorFunctionProfile.csproj", "{F0D97F17-C690-48B1-B95A-D951AE07047B}"
EndProject
Project("{FAE04EC0-301F-11D3-BF4B-00C04F79EFBC}") = "AsyncForOfProfile", "tools\AsyncForOfProfile\AsyncForOfProfile.csproj", "{D53D2BE4-958A-40F4-B01F-EE29DF6B27A9}"
EndProject
Project("{FAE04EC0-301F-11D3-BF4B-00C04F79EFBC}") = "AsyncAwaitResolvedProfile", "tools\AsyncAwaitResolvedProfile\AsyncAwaitResolvedProfile.csproj", "{E551AC46-DDB9-4CE5-BFF7-0891A852C049}"
EndProject
Project("{FAE04EC0-301F-11D3-BF4B-00C04F79EFBC}") = "AsyncAwaitPendingProfile", "tools\AsyncAwaitPendingProfile\AsyncAwaitPendingProfile.csproj", "{C6B3B6AD-B667-4D5E-96E3-81FE99338A2E}"
EndProject
Project("{FAE04EC0-301F-11D3-BF4B-00C04F79EFBC}") = "ForOfIterationProfile", "tools\ForOfIterationProfile\ForOfIterationProfile.csproj", "{135E3FC8-7230-42EF-96F1-4A734AFFF6FD}"
EndProject
Project("{FAE04EC0-301F-11D3-BF4B-00C04F79EFBC}") = "Asynkron.JsEngine.Tests.Helpers", "tests\Asynkron.JsEngine.Tests.Helpers\Asynkron.JsEngine.Tests.Helpers.csproj", "{EC08E5A7-AF36-4FA2-AE61-E27C17F4A091}"
EndProject
Global
	GlobalSection(SolutionConfigurationPlatforms) = preSolution
		Debug|Any CPU = Debug|Any CPU
		Debug|x64 = Debug|x64
		Debug|x86 = Debug|x86
		Release|Any CPU = Release|Any CPU
		Release|x64 = Release|x64
		Release|x86 = Release|x86
	EndGlobalSection
	GlobalSection(ProjectConfigurationPlatforms) = postSolution
		{282EAE3D-DBB0-4459-8E2D-3596A3F7E2CF}.Debug|Any CPU.ActiveCfg = Debug|Any CPU
		{282EAE3D-DBB0-4459-8E2D-3596A3F7E2CF}.Debug|Any CPU.Build.0 = Debug|Any CPU
		{282EAE3D-DBB0-4459-8E2D-3596A3F7E2CF}.Debug|x64.ActiveCfg = Debug|Any CPU
		{282EAE3D-DBB0-4459-8E2D-3596A3F7E2CF}.Debug|x64.Build.0 = Debug|Any CPU
		{282EAE3D-DBB0-4459-8E2D-3596A3F7E2CF}.Debug|x86.ActiveCfg = Debug|Any CPU
		{282EAE3D-DBB0-4459-8E2D-3596A3F7E2CF}.Debug|x86.Build.0 = Debug|Any CPU
		{282EAE3D-DBB0-4459-8E2D-3596A3F7E2CF}.Release|Any CPU.ActiveCfg = Release|Any CPU
		{282EAE3D-DBB0-4459-8E2D-3596A3F7E2CF}.Release|Any CPU.Build.0 = Release|Any CPU
		{282EAE3D-DBB0-4459-8E2D-3596A3F7E2CF}.Release|x64.ActiveCfg = Release|Any CPU
		{282EAE3D-DBB0-4459-8E2D-3596A3F7E2CF}.Release|x64.Build.0 = Release|Any CPU
		{282EAE3D-DBB0-4459-8E2D-3596A3F7E2CF}.Release|x86.ActiveCfg = Release|Any CPU
		{282EAE3D-DBB0-4459-8E2D-3596A3F7E2CF}.Release|x86.Build.0 = Release|Any CPU
		{DC4F33AC-2CEF-4C80-A2EE-12CBD428289C}.Debug|Any CPU.ActiveCfg = Debug|Any CPU
		{DC4F33AC-2CEF-4C80-A2EE-12CBD428289C}.Debug|Any CPU.Build.0 = Debug|Any CPU
		{DC4F33AC-2CEF-4C80-A2EE-12CBD428289C}.Debug|x64.ActiveCfg = Debug|Any CPU
		{DC4F33AC-2CEF-4C80-A2EE-12CBD428289C}.Debug|x64.Build.0 = Debug|Any CPU
		{DC4F33AC-2CEF-4C80-A2EE-12CBD428289C}.Debug|x86.ActiveCfg = Debug|Any CPU
		{DC4F33AC-2CEF-4C80-A2EE-12CBD428289C}.Debug|x86.Build.0 = Debug|Any CPU
		{DC4F33AC-2CEF-4C80-A2EE-12CBD428289C}.Release|Any CPU.ActiveCfg = Release|Any CPU
		{DC4F33AC-2CEF-4C80-A2EE-12CBD428289C}.Release|Any CPU.Build.0 = Release|Any CPU
		{DC4F33AC-2CEF-4C80-A2EE-12CBD428289C}.Release|x64.ActiveCfg = Release|Any CPU
		{DC4F33AC-2CEF-4C80-A2EE-12CBD428289C}.Release|x64.Build.0 = Release|Any CPU
		{DC4F33AC-2CEF-4C80-A2EE-12CBD428289C}.Release|x86.ActiveCfg = Release|Any CPU
		{DC4F33AC-2CEF-4C80-A2EE-12CBD428289C}.Release|x86.Build.0 = Release|Any CPU
		{1F29A343-A7B8-462B-8650-7464CBF77A3A}.Debug|Any CPU.ActiveCfg = Debug|Any CPU
		{1F29A343-A7B8-462B-8650-7464CBF77A3A}.Debug|Any CPU.Build.0 = Debug|Any CPU
		{1F29A343-A7B8-462B-8650-7464CBF77A3A}.Debug|x64.ActiveCfg = Debug|Any CPU
		{1F29A343-A7B8-462B-8650-7464CBF77A3A}.Debug|x64.Build.0 = Debug|Any CPU
		{1F29A343-A7B8-462B-8650-7464CBF77A3A}.Debug|x86.ActiveCfg = Debug|Any CPU
		{1F29A343-A7B8-462B-8650-7464CBF77A3A}.Debug|x86.Build.0 = Debug|Any CPU
		{1F29A343-A7B8-462B-8650-7464CBF77A3A}.Release|Any CPU.ActiveCfg = Release|Any CPU
		{1F29A343-A7B8-462B-8650-7464CBF77A3A}.Release|Any CPU.Build.0 = Release|Any CPU
		{1F29A343-A7B8-462B-8650-7464CBF77A3A}.Release|x64.ActiveCfg = Release|Any CPU
		{1F29A343-A7B8-462B-8650-7464CBF77A3A}.Release|x64.Build.0 = Release|Any CPU
		{1F29A343-A7B8-462B-8650-7464CBF77A3A}.Release|x86.ActiveCfg = Release|Any CPU
		{1F29A343-A7B8-462B-8650-7464CBF77A3A}.Release|x86.Build.0 = Release|Any CPU
		{69174D07-11C5-40FA-AFC8-EB348FBE64B4}.Debug|Any CPU.ActiveCfg = Debug|Any CPU
		{69174D07-11C5-40FA-AFC8-EB348FBE64B4}.Debug|Any CPU.Build.0 = Debug|Any CPU
		{69174D07-11C5-40FA-AFC8-EB348FBE64B4}.Debug|x64.ActiveCfg = Debug|Any CPU
		{69174D07-11C5-40FA-AFC8-EB348FBE64B4}.Debug|x64.Build.0 = Debug|Any CPU
		{69174D07-11C5-40FA-AFC8-EB348FBE64B4}.Debug|x86.ActiveCfg = Debug|Any CPU
		{69174D07-11C5-40FA-AFC8-EB348FBE64B4}.Debug|x86.Build.0 = Debug|Any CPU
		{69174D07-11C5-40FA-AFC8-EB348FBE64B4}.Release|Any CPU.ActiveCfg = Release|Any CPU
		{69174D07-11C5-40FA-AFC8-EB348FBE64B4}.Release|Any CPU.Build.0 = Release|Any CPU
		{69174D07-11C5-40FA-AFC8-EB348FBE64B4}.Release|x64.ActiveCfg = Release|Any CPU
		{69174D07-11C5-40FA-AFC8-EB348FBE64B4}.Release|x64.Build.0 = Release|Any CPU
		{69174D07-11C5-40FA-AFC8-EB348FBE64B4}.Release|x86.ActiveCfg = Release|Any CPU
		{69174D07-11C5-40FA-AFC8-EB348FBE64B4}.Release|x86.Build.0 = Release|Any CPU
		{5C097776-AC94-46C7-B257-5CC4DD39DF67}.Debug|Any CPU.ActiveCfg = Debug|Any CPU
		{5C097776-AC94-46C7-B257-5CC4DD39DF67}.Debug|Any CPU.Build.0 = Debug|Any CPU
		{5C097776-AC94-46C7-B257-5CC4DD39DF67}.Debug|x64.ActiveCfg = Debug|Any CPU
		{5C097776-AC94-46C7-B257-5CC4DD39DF67}.Debug|x64.Build.0 = Debug|Any CPU
		{5C097776-AC94-46C7-B257-5CC4DD39DF67}.Debug|x86.ActiveCfg = Debug|Any CPU
		{5C097776-AC94-46C7-B257-5CC4DD39DF67}.Debug|x86.Build.0 = Debug|Any CPU
		{5C097776-AC94-46C7-B257-5CC4DD39DF67}.Release|Any CPU.ActiveCfg = Release|Any CPU
		{5C097776-AC94-46C7-B257-5CC4DD39DF67}.Release|Any CPU.Build.0 = Release|Any CPU
		{5C097776-AC94-46C7-B257-5CC4DD39DF67}.Release|x64.ActiveCfg = Release|Any CPU
		{5C097776-AC94-46C7-B257-5CC4DD39DF67}.Release|x64.Build.0 = Release|Any CPU
		{5C097776-AC94-46C7-B257-5CC4DD39DF67}.Release|x86.ActiveCfg = Release|Any CPU
		{5C097776-AC94-46C7-B257-5CC4DD39DF67}.Release|x86.Build.0 = Release|Any CPU
		{7527CADC-BF6A-4F99-846F-92122ACFB155}.Debug|Any CPU.ActiveCfg = Debug|Any CPU
		{7527CADC-BF6A-4F99-846F-92122ACFB155}.Debug|Any CPU.Build.0 = Debug|Any CPU
		{7527CADC-BF6A-4F99-846F-92122ACFB155}.Debug|x64.ActiveCfg = Debug|Any CPU
		{7527CADC-BF6A-4F99-846F-92122ACFB155}.Debug|x64.Build.0 = Debug|Any CPU
		{7527CADC-BF6A-4F99-846F-92122ACFB155}.Debug|x86.ActiveCfg = Debug|Any CPU
		{7527CADC-BF6A-4F99-846F-92122ACFB155}.Debug|x86.Build.0 = Debug|Any CPU
		{7527CADC-BF6A-4F99-846F-92122ACFB155}.Release|Any CPU.ActiveCfg = Release|Any CPU
		{7527CADC-BF6A-4F99-846F-92122ACFB155}.Release|Any CPU.Build.0 = Release|Any CPU
		{7527CADC-BF6A-4F99-846F-92122ACFB155}.Release|x64.ActiveCfg = Release|Any CPU
		{7527CADC-BF6A-4F99-846F-92122ACFB155}.Release|x64.Build.0 = Release|Any CPU
		{7527CADC-BF6A-4F99-846F-92122ACFB155}.Release|x86.ActiveCfg = Release|Any CPU
		{7527CADC-BF6A-4F99-846F-92122ACFB155}.Release|x86.Build.0 = Release|Any CPU
		{A1A0C2D6-9BFB-4F29-A2B6-8D26FBDD36D5}.Debug|Any CPU.ActiveCfg = Debug|Any CPU
		{A1A0C2D6-9BFB-4F29-A2B6-8D26FBDD36D5}.Debug|Any CPU.Build.0 = Debug|Any CPU
		{A1A0C2D6-9BFB-4F29-A2B6-8D26FBDD36D5}.Debug|x64.ActiveCfg = Debug|Any CPU
		{A1A0C2D6-9BFB-4F29-A2B6-8D26FBDD36D5}.Debug|x64.Build.0 = Debug|Any CPU
		{A1A0C2D6-9BFB-4F29-A2B6-8D26FBDD36D5}.Debug|x86.ActiveCfg = Debug|Any CPU
		{A1A0C2D6-9BFB-4F29-A2B6-8D26FBDD36D5}.Debug|x86.Build.0 = Debug|Any CPU
		{A1A0C2D6-9BFB-4F29-A2B6-8D26FBDD36D5}.Release|Any CPU.ActiveCfg = Release|Any CPU
		{A1A0C2D6-9BFB-4F29-A2B6-8D26FBDD36D5}.Release|Any CPU.Build.0 = Release|Any CPU
		{A1A0C2D6-9BFB-4F29-A2B6-8D26FBDD36D5}.Release|x64.ActiveCfg = Release|Any CPU
		{A1A0C2D6-9BFB-4F29-A2B6-8D26FBDD36D5}.Release|x64.Build.0 = Release|Any CPU
		{A1A0C2D6-9BFB-4F29-A2B6-8D26FBDD36D5}.Release|x86.ActiveCfg = Release|Any CPU
		{A1A0C2D6-9BFB-4F29-A2B6-8D26FBDD36D5}.Release|x86.Build.0 = Release|Any CPU
		{D5E6F7A8-B9C0-4D1E-2F3A-4B5C6D7E8F9A}.Debug|Any CPU.ActiveCfg = Debug|Any CPU
		{D5E6F7A8-B9C0-4D1E-2F3A-4B5C6D7E8F9A}.Debug|Any CPU.Build.0 = Debug|Any CPU
		{D5E6F7A8-B9C0-4D1E-2F3A-4B5C6D7E8F9A}.Debug|x64.ActiveCfg = Debug|Any CPU
		{D5E6F7A8-B9C0-4D1E-2F3A-4B5C6D7E8F9A}.Debug|x64.Build.0 = Debug|Any CPU
		{D5E6F7A8-B9C0-4D1E-2F3A-4B5C6D7E8F9A}.Debug|x86.ActiveCfg = Debug|Any CPU
		{D5E6F7A8-B9C0-4D1E-2F3A-4B5C6D7E8F9A}.Debug|x86.Build.0 = Debug|Any CPU
		{D5E6F7A8-B9C0-4D1E-2F3A-4B5C6D7E8F9A}.Release|Any CPU.ActiveCfg = Release|Any CPU
		{D5E6F7A8-B9C0-4D1E-2F3A-4B5C6D7E8F9A}.Release|Any CPU.Build.0 = Release|Any CPU
		{D5E6F7A8-B9C0-4D1E-2F3A-4B5C6D7E8F9A}.Release|x64.ActiveCfg = Release|Any CPU
		{D5E6F7A8-B9C0-4D1E-2F3A-4B5C6D7E8F9A}.Release|x64.Build.0 = Release|Any CPU
		{D5E6F7A8-B9C0-4D1E-2F3A-4B5C6D7E8F9A}.Release|x86.ActiveCfg = Release|Any CPU
		{D5E6F7A8-B9C0-4D1E-2F3A-4B5C6D7E8F9A}.Release|x86.Build.0 = Release|Any CPU
		{2970B01B-EF4A-4042-B348-FF9482B1BA41}.Debug|Any CPU.ActiveCfg = Debug|Any CPU
		{2970B01B-EF4A-4042-B348-FF9482B1BA41}.Debug|Any CPU.Build.0 = Debug|Any CPU
		{2970B01B-EF4A-4042-B348-FF9482B1BA41}.Debug|x64.ActiveCfg = Debug|Any CPU
		{2970B01B-EF4A-4042-B348-FF9482B1BA41}.Debug|x64.Build.0 = Debug|Any CPU
		{2970B01B-EF4A-4042-B348-FF9482B1BA41}.Debug|x86.ActiveCfg = Debug|Any CPU
		{2970B01B-EF4A-4042-B348-FF9482B1BA41}.Debug|x86.Build.0 = Debug|Any CPU
		{2970B01B-EF4A-4042-B348-FF9482B1BA41}.Release|Any CPU.ActiveCfg = Release|Any CPU
		{2970B01B-EF4A-4042-B348-FF9482B1BA41}.Release|Any CPU.Build.0 = Release|Any CPU
		{2970B01B-EF4A-4042-B348-FF9482B1BA41}.Release|x64.ActiveCfg = Release|Any CPU
		{2970B01B-EF4A-4042-B348-FF9482B1BA41}.Release|x64.Build.0 = Release|Any CPU
		{2970B01B-EF4A-4042-B348-FF9482B1BA41}.Release|x86.ActiveCfg = Release|Any CPU
		{2970B01B-EF4A-4042-B348-FF9482B1BA41}.Release|x86.Build.0 = Release|Any CPU
		{18442890-682E-4FBF-8F41-F1CB77C4C670}.Debug|Any CPU.ActiveCfg = Debug|Any CPU
		{18442890-682E-4FBF-8F41-F1CB77C4C670}.Debug|Any CPU.Build.0 = Debug|Any CPU
		{18442890-682E-4FBF-8F41-F1CB77C4C670}.Debug|x64.ActiveCfg = Debug|Any CPU
		{18442890-682E-4FBF-8F41-F1CB77C4C670}.Debug|x64.Build.0 = Debug|Any CPU
		{18442890-682E-4FBF-8F41-F1CB77C4C670}.Debug|x86.ActiveCfg = Debug|Any CPU
		{18442890-682E-4FBF-8F41-F1CB77C4C670}.Debug|x86.Build.0 = Debug|Any CPU
		{18442890-682E-4FBF-8F41-F1CB77C4C670}.Release|Any CPU.ActiveCfg = Release|Any CPU
		{18442890-682E-4FBF-8F41-F1CB77C4C670}.Release|Any CPU.Build.0 = Release|Any CPU
		{18442890-682E-4FBF-8F41-F1CB77C4C670}.Release|x64.ActiveCfg = Release|Any CPU
		{18442890-682E-4FBF-8F41-F1CB77C4C670}.Release|x64.Build.0 = Release|Any CPU
		{18442890-682E-4FBF-8F41-F1CB77C4C670}.Release|x86.ActiveCfg = Release|Any CPU
		{18442890-682E-4FBF-8F41-F1CB77C4C670}.Release|x86.Build.0 = Release|Any CPU
		{96CF3C17-8088-414E-A16E-3995CF1CAF53}.Debug|Any CPU.ActiveCfg = Debug|Any CPU
		{96CF3C17-8088-414E-A16E-3995CF1CAF53}.Debug|Any CPU.Build.0 = Debug|Any CPU
		{96CF3C17-8088-414E-A16E-3995CF1CAF53}.Debug|x64.ActiveCfg = Debug|Any CPU
		{96CF3C17-8088-414E-A16E-3995CF1CAF53}.Debug|x64.Build.0 = Debug|Any CPU
		{96CF3C17-8088-414E-A16E-3995CF1CAF53}.Debug|x86.ActiveCfg = Debug|Any CPU
		{96CF3C17-8088-414E-A16E-3995CF1CAF53}.Debug|x86.Build.0 = Debug|Any CPU
		{96CF3C17-8088-414E-A16E-3995CF1CAF53}.Release|Any CPU.ActiveCfg = Release|Any CPU
		{96CF3C17-8088-414E-A16E-3995CF1CAF53}.Release|Any CPU.Build.0 = Release|Any CPU
		{96CF3C17-8088-414E-A16E-3995CF1CAF53}.Release|x64.ActiveCfg = Release|Any CPU
		{96CF3C17-8088-414E-A16E-3995CF1CAF53}.Release|x64.Build.0 = Release|Any CPU
		{96CF3C17-8088-414E-A16E-3995CF1CAF53}.Release|x86.ActiveCfg = Release|Any CPU
		{96CF3C17-8088-414E-A16E-3995CF1CAF53}.Release|x86.Build.0 = Release|Any CPU
		{30930387-7CDE-48A2-BB88-14A890EE922C}.Debug|Any CPU.ActiveCfg = Debug|Any CPU
		{30930387-7CDE-48A2-BB88-14A890EE922C}.Debug|Any CPU.Build.0 = Debug|Any CPU
		{30930387-7CDE-48A2-BB88-14A890EE922C}.Debug|x64.ActiveCfg = Debug|Any CPU
		{30930387-7CDE-48A2-BB88-14A890EE922C}.Debug|x64.Build.0 = Debug|Any CPU
		{30930387-7CDE-48A2-BB88-14A890EE922C}.Debug|x86.ActiveCfg = Debug|Any CPU
		{30930387-7CDE-48A2-BB88-14A890EE922C}.Debug|x86.Build.0 = Debug|Any CPU
		{30930387-7CDE-48A2-BB88-14A890EE922C}.Release|Any CPU.ActiveCfg = Release|Any CPU
		{30930387-7CDE-48A2-BB88-14A890EE922C}.Release|Any CPU.Build.0 = Release|Any CPU
		{30930387-7CDE-48A2-BB88-14A890EE922C}.Release|x64.ActiveCfg = Release|Any CPU
		{30930387-7CDE-48A2-BB88-14A890EE922C}.Release|x64.Build.0 = Release|Any CPU
		{30930387-7CDE-48A2-BB88-14A890EE922C}.Release|x86.ActiveCfg = Release|Any CPU
		{30930387-7CDE-48A2-BB88-14A890EE922C}.Release|x86.Build.0 = Release|Any CPU
		{16B2EBF0-011C-42A7-B33F-BAB756E63F79}.Debug|Any CPU.ActiveCfg = Debug|Any CPU
		{16B2EBF0-011C-42A7-B33F-BAB756E63F79}.Debug|Any CPU.Build.0 = Debug|Any CPU
		{16B2EBF0-011C-42A7-B33F-BAB756E63F79}.Debug|x64.ActiveCfg = Debug|Any CPU
		{16B2EBF0-011C-42A7-B33F-BAB756E63F79}.Debug|x64.Build.0 = Debug|Any CPU
		{16B2EBF0-011C-42A7-B33F-BAB756E63F79}.Debug|x86.ActiveCfg = Debug|Any CPU
		{16B2EBF0-011C-42A7-B33F-BAB756E63F79}.Debug|x86.Build.0 = Debug|Any CPU
		{16B2EBF0-011C-42A7-B33F-BAB756E63F79}.Release|Any CPU.ActiveCfg = Release|Any CPU
		{16B2EBF0-011C-42A7-B33F-BAB756E63F79}.Release|Any CPU.Build.0 = Release|Any CPU
		{16B2EBF0-011C-42A7-B33F-BAB756E63F79}.Release|x64.ActiveCfg = Release|Any CPU
		{16B2EBF0-011C-42A7-B33F-BAB756E63F79}.Release|x64.Build.0 = Release|Any CPU
		{16B2EBF0-011C-42A7-B33F-BAB756E63F79}.Release|x86.ActiveCfg = Release|Any CPU
		{16B2EBF0-011C-42A7-B33F-BAB756E63F79}.Release|x86.Build.0 = Release|Any CPU
		{9D982231-96C1-4EEC-AC72-EA159318202D}.Debug|Any CPU.ActiveCfg = Debug|Any CPU
		{9D982231-96C1-4EEC-AC72-EA159318202D}.Debug|Any CPU.Build.0 = Debug|Any CPU
		{9D982231-96C1-4EEC-AC72-EA159318202D}.Debug|x64.ActiveCfg = Debug|Any CPU
		{9D982231-96C1-4EEC-AC72-EA159318202D}.Debug|x64.Build.0 = Debug|Any CPU
		{9D982231-96C1-4EEC-AC72-EA159318202D}.Debug|x86.ActiveCfg = Debug|Any CPU
		{9D982231-96C1-4EEC-AC72-EA159318202D}.Debug|x86.Build.0 = Debug|Any CPU
		{9D982231-96C1-4EEC-AC72-EA159318202D}.Release|Any CPU.ActiveCfg = Release|Any CPU
		{9D982231-96C1-4EEC-AC72-EA159318202D}.Release|Any CPU.Build.0 = Release|Any CPU
		{9D982231-96C1-4EEC-AC72-EA159318202D}.Release|x64.ActiveCfg = Release|Any CPU
		{9D982231-96C1-4EEC-AC72-EA159318202D}.Release|x64.Build.0 = Release|Any CPU
		{9D982231-96C1-4EEC-AC72-EA159318202D}.Release|x86.ActiveCfg = Release|Any CPU
		{9D982231-96C1-4EEC-AC72-EA159318202D}.Release|x86.Build.0 = Release|Any CPU
		{D5DC8C52-3461-4443-A360-51B8F9A90054}.Debug|Any CPU.ActiveCfg = Debug|Any CPU
		{D5DC8C52-3461-4443-A360-51B8F9A90054}.Debug|Any CPU.Build.0 = Debug|Any CPU
		{D5DC8C52-3461-4443-A360-51B8F9A90054}.Debug|x64.ActiveCfg = Debug|Any CPU
		{D5DC8C52-3461-4443-A360-51B8F9A90054}.Debug|x64.Build.0 = Debug|Any CPU
		{D5DC8C52-3461-4443-A360-51B8F9A90054}.Debug|x86.ActiveCfg = Debug|Any CPU
		{D5DC8C52-3461-4443-A360-51B8F9A90054}.Debug|x86.Build.0 = Debug|Any CPU
		{D5DC8C52-3461-4443-A360-51B8F9A90054}.Release|Any CPU.ActiveCfg = Release|Any CPU
		{D5DC8C52-3461-4443-A360-51B8F9A90054}.Release|Any CPU.Build.0 = Release|Any CPU
		{D5DC8C52-3461-4443-A360-51B8F9A90054}.Release|x64.ActiveCfg = Release|Any CPU
		{D5DC8C52-3461-4443-A360-51B8F9A90054}.Release|x64.Build.0 = Release|Any CPU
		{D5DC8C52-3461-4443-A360-51B8F9A90054}.Release|x86.ActiveCfg = Release|Any CPU
		{D5DC8C52-3461-4443-A360-51B8F9A90054}.Release|x86.Build.0 = Release|Any CPU
		{BB489E83-39B5-4222-9743-66DA2838D098}.Debug|Any CPU.ActiveCfg = Debug|Any CPU
		{BB489E83-39B5-4222-9743-66DA2838D098}.Debug|Any CPU.Build.0 = Debug|Any CPU
		{BB489E83-39B5-4222-9743-66DA2838D098}.Debug|x64.ActiveCfg = Debug|Any CPU
		{BB489E83-39B5-4222-9743-66DA2838D098}.Debug|x64.Build.0 = Debug|Any CPU
		{BB489E83-39B5-4222-9743-66DA2838D098}.Debug|x86.ActiveCfg = Debug|Any CPU
		{BB489E83-39B5-4222-9743-66DA2838D098}.Debug|x86.Build.0 = Debug|Any CPU
		{BB489E83-39B5-4222-9743-66DA2838D098}.Release|Any CPU.ActiveCfg = Release|Any CPU
		{BB489E83-39B5-4222-9743-66DA2838D098}.Release|Any CPU.Build.0 = Release|Any CPU
		{BB489E83-39B5-4222-9743-66DA2838D098}.Release|x64.ActiveCfg = Release|Any CPU
		{BB489E83-39B5-4222-9743-66DA2838D098}.Release|x64.Build.0 = Release|Any CPU
		{BB489E83-39B5-4222-9743-66DA2838D098}.Release|x86.ActiveCfg = Release|Any CPU
		{BB489E83-39B5-4222-9743-66DA2838D098}.Release|x86.Build.0 = Release|Any CPU
		{E55F3B56-DB14-470D-96C5-1BE4284C868E}.Debug|Any CPU.ActiveCfg = Debug|Any CPU
		{E55F3B56-DB14-470D-96C5-1BE4284C868E}.Debug|Any CPU.Build.0 = Debug|Any CPU
		{E55F3B56-DB14-470D-96C5-1BE4284C868E}.Debug|x64.ActiveCfg = Debug|Any CPU
		{E55F3B56-DB14-470D-96C5-1BE4284C868E}.Debug|x64.Build.0 = Debug|Any CPU
		{E55F3B56-DB14-470D-96C5-1BE4284C868E}.Debug|x86.ActiveCfg = Debug|Any CPU
		{E55F3B56-DB14-470D-96C5-1BE4284C868E}.Debug|x86.Build.0 = Debug|Any CPU
		{E55F3B56-DB14-470D-96C5-1BE4284C868E}.Release|Any CPU.ActiveCfg = Release|Any CPU
		{E55F3B56-DB14-470D-96C5-1BE4284C868E}.Release|Any CPU.Build.0 = Release|Any CPU
		{E55F3B56-DB14-470D-96C5-1BE4284C868E}.Release|x64.ActiveCfg = Release|Any CPU
		{E55F3B56-DB14-470D-96C5-1BE4284C868E}.Release|x64.Build.0 = Release|Any CPU
		{E55F3B56-DB14-470D-96C5-1BE4284C868E}.Release|x86.ActiveCfg = Release|Any CPU
		{E55F3B56-DB14-470D-96C5-1BE4284C868E}.Release|x86.Build.0 = Release|Any CPU
		{98E47293-2148-46F8-A198-3AC2DDE19322}.Debug|Any CPU.ActiveCfg = Debug|Any CPU
		{98E47293-2148-46F8-A198-3AC2DDE19322}.Debug|Any CPU.Build.0 = Debug|Any CPU
		{98E47293-2148-46F8-A198-3AC2DDE19322}.Debug|x64.ActiveCfg = Debug|Any CPU
		{98E47293-2148-46F8-A198-3AC2DDE19322}.Debug|x64.Build.0 = Debug|Any CPU
		{98E47293-2148-46F8-A198-3AC2DDE19322}.Debug|x86.ActiveCfg = Debug|Any CPU
		{98E47293-2148-46F8-A198-3AC2DDE19322}.Debug|x86.Build.0 = Debug|Any CPU
		{98E47293-2148-46F8-A198-3AC2DDE19322}.Release|Any CPU.ActiveCfg = Release|Any CPU
		{98E47293-2148-46F8-A198-3AC2DDE19322}.Release|Any CPU.Build.0 = Release|Any CPU
		{98E47293-2148-46F8-A198-3AC2DDE19322}.Release|x64.ActiveCfg = Release|Any CPU
		{98E47293-2148-46F8-A198-3AC2DDE19322}.Release|x64.Build.0 = Release|Any CPU
		{98E47293-2148-46F8-A198-3AC2DDE19322}.Release|x86.ActiveCfg = Release|Any CPU
		{98E47293-2148-46F8-A198-3AC2DDE19322}.Release|x86.Build.0 = Release|Any CPU
		{24790DC9-36D7-4FE8-8974-764BB66413EC}.Debug|Any CPU.ActiveCfg = Debug|Any CPU
		{24790DC9-36D7-4FE8-8974-764BB66413EC}.Debug|Any CPU.Build.0 = Debug|Any CPU
		{24790DC9-36D7-4FE8-8974-764BB66413EC}.Debug|x64.ActiveCfg = Debug|Any CPU
		{24790DC9-36D7-4FE8-8974-764BB66413EC}.Debug|x64.Build.0 = Debug|Any CPU
		{24790DC9-36D7-4FE8-8974-764BB66413EC}.Debug|x86.ActiveCfg = Debug|Any CPU
		{24790DC9-36D7-4FE8-8974-764BB66413EC}.Debug|x86.Build.0 = Debug|Any CPU
		{24790DC9-36D7-4FE8-8974-764BB66413EC}.Release|Any CPU.ActiveCfg = Release|Any CPU
		{24790DC9-36D7-4FE8-8974-764BB66413EC}.Release|Any CPU.Build.0 = Release|Any CPU
		{24790DC9-36D7-4FE8-8974-764BB66413EC}.Release|x64.ActiveCfg = Release|Any CPU
		{24790DC9-36D7-4FE8-8974-764BB66413EC}.Release|x64.Build.0 = Release|Any CPU
		{24790DC9-36D7-4FE8-8974-764BB66413EC}.Release|x86.ActiveCfg = Release|Any CPU
		{24790DC9-36D7-4FE8-8974-764BB66413EC}.Release|x86.Build.0 = Release|Any CPU
		{E7E3D3EB-E924-491F-A999-AF912A232B04}.Debug|Any CPU.ActiveCfg = Debug|Any CPU
		{E7E3D3EB-E924-491F-A999-AF912A232B04}.Debug|Any CPU.Build.0 = Debug|Any CPU
		{E7E3D3EB-E924-491F-A999-AF912A232B04}.Debug|x64.ActiveCfg = Debug|Any CPU
		{E7E3D3EB-E924-491F-A999-AF912A232B04}.Debug|x64.Build.0 = Debug|Any CPU
		{E7E3D3EB-E924-491F-A999-AF912A232B04}.Debug|x86.ActiveCfg = Debug|Any CPU
		{E7E3D3EB-E924-491F-A999-AF912A232B04}.Debug|x86.Build.0 = Debug|Any CPU
		{E7E3D3EB-E924-491F-A999-AF912A232B04}.Release|Any CPU.ActiveCfg = Release|Any CPU
		{E7E3D3EB-E924-491F-A999-AF912A232B04}.Release|Any CPU.Build.0 = Release|Any CPU
		{E7E3D3EB-E924-491F-A999-AF912A232B04}.Release|x64.ActiveCfg = Release|Any CPU
		{E7E3D3EB-E924-491F-A999-AF912A232B04}.Release|x64.Build.0 = Release|Any CPU
		{E7E3D3EB-E924-491F-A999-AF912A232B04}.Release|x86.ActiveCfg = Release|Any CPU
		{E7E3D3EB-E924-491F-A999-AF912A232B04}.Release|x86.Build.0 = Release|Any CPU
		{B313A371-1CF2-4673-B32D-F015EAD4F24D}.Debug|Any CPU.ActiveCfg = Debug|Any CPU
		{B313A371-1CF2-4673-B32D-F015EAD4F24D}.Debug|Any CPU.Build.0 = Debug|Any CPU
		{B313A371-1CF2-4673-B32D-F015EAD4F24D}.Debug|x64.ActiveCfg = Debug|Any CPU
		{B313A371-1CF2-4673-B32D-F015EAD4F24D}.Debug|x64.Build.0 = Debug|Any CPU
		{B313A371-1CF2-4673-B32D-F015EAD4F24D}.Debug|x86.ActiveCfg = Debug|Any CPU
		{B313A371-1CF2-4673-B32D-F015EAD4F24D}.Debug|x86.Build.0 = Debug|Any CPU
		{B313A371-1CF2-4673-B32D-F015EAD4F24D}.Release|Any CPU.ActiveCfg = Release|Any CPU
		{B313A371-1CF2-4673-B32D-F015EAD4F24D}.Release|Any CPU.Build.0 = Release|Any CPU
		{B313A371-1CF2-4673-B32D-F015EAD4F24D}.Release|x64.ActiveCfg = Release|Any CPU
		{B313A371-1CF2-4673-B32D-F015EAD4F24D}.Release|x64.Build.0 = Release|Any CPU
		{B313A371-1CF2-4673-B32D-F015EAD4F24D}.Release|x86.ActiveCfg = Release|Any CPU
		{B313A371-1CF2-4673-B32D-F015EAD4F24D}.Release|x86.Build.0 = Release|Any CPU
		{A03FE239-18E1-4DC5-A3EE-C23355722438}.Debug|Any CPU.ActiveCfg = Debug|Any CPU
		{A03FE239-18E1-4DC5-A3EE-C23355722438}.Debug|Any CPU.Build.0 = Debug|Any CPU
		{A03FE239-18E1-4DC5-A3EE-C23355722438}.Debug|x64.ActiveCfg = Debug|Any CPU
		{A03FE239-18E1-4DC5-A3EE-C23355722438}.Debug|x64.Build.0 = Debug|Any CPU
		{A03FE239-18E1-4DC5-A3EE-C23355722438}.Debug|x86.ActiveCfg = Debug|Any CPU
		{A03FE239-18E1-4DC5-A3EE-C23355722438}.Debug|x86.Build.0 = Debug|Any CPU
		{A03FE239-18E1-4DC5-A3EE-C23355722438}.Release|Any CPU.ActiveCfg = Release|Any CPU
		{A03FE239-18E1-4DC5-A3EE-C23355722438}.Release|Any CPU.Build.0 = Release|Any CPU
		{A03FE239-18E1-4DC5-A3EE-C23355722438}.Release|x64.ActiveCfg = Release|Any CPU
		{A03FE239-18E1-4DC5-A3EE-C23355722438}.Release|x64.Build.0 = Release|Any CPU
		{A03FE239-18E1-4DC5-A3EE-C23355722438}.Release|x86.ActiveCfg = Release|Any CPU
		{A03FE239-18E1-4DC5-A3EE-C23355722438}.Release|x86.Build.0 = Release|Any CPU
		{E90AD9B4-3D61-4711-8EF2-B32AF0CAFA7C}.Debug|Any CPU.ActiveCfg = Debug|Any CPU
		{E90AD9B4-3D61-4711-8EF2-B32AF0CAFA7C}.Debug|Any CPU.Build.0 = Debug|Any CPU
		{E90AD9B4-3D61-4711-8EF2-B32AF0CAFA7C}.Debug|x64.ActiveCfg = Debug|Any CPU
		{E90AD9B4-3D61-4711-8EF2-B32AF0CAFA7C}.Debug|x64.Build.0 = Debug|Any CPU
		{E90AD9B4-3D61-4711-8EF2-B32AF0CAFA7C}.Debug|x86.ActiveCfg = Debug|Any CPU
		{E90AD9B4-3D61-4711-8EF2-B32AF0CAFA7C}.Debug|x86.Build.0 = Debug|Any CPU
		{E90AD9B4-3D61-4711-8EF2-B32AF0CAFA7C}.Release|Any CPU.ActiveCfg = Release|Any CPU
		{E90AD9B4-3D61-4711-8EF2-B32AF0CAFA7C}.Release|Any CPU.Build.0 = Release|Any CPU
		{E90AD9B4-3D61-4711-8EF2-B32AF0CAFA7C}.Release|x64.ActiveCfg = Release|Any CPU
		{E90AD9B4-3D61-4711-8EF2-B32AF0CAFA7C}.Release|x64.Build.0 = Release|Any CPU
		{E90AD9B4-3D61-4711-8EF2-B32AF0CAFA7C}.Release|x86.ActiveCfg = Release|Any CPU
		{E90AD9B4-3D61-4711-8EF2-B32AF0CAFA7C}.Release|x86.Build.0 = Release|Any CPU
		{843F5D91-C211-400D-B15E-DBC420076E7E}.Debug|Any CPU.ActiveCfg = Debug|Any CPU
		{843F5D91-C211-400D-B15E-DBC420076E7E}.Debug|Any CPU.Build.0 = Debug|Any CPU
		{843F5D91-C211-400D-B15E-DBC420076E7E}.Debug|x64.ActiveCfg = Debug|Any CPU
		{843F5D91-C211-400D-B15E-DBC420076E7E}.Debug|x64.Build.0 = Debug|Any CPU
		{843F5D91-C211-400D-B15E-DBC420076E7E}.Debug|x86.ActiveCfg = Debug|Any CPU
		{843F5D91-C211-400D-B15E-DBC420076E7E}.Debug|x86.Build.0 = Debug|Any CPU
		{843F5D91-C211-400D-B15E-DBC420076E7E}.Release|Any CPU.ActiveCfg = Release|Any CPU
		{843F5D91-C211-400D-B15E-DBC420076E7E}.Release|Any CPU.Build.0 = Release|Any CPU
		{843F5D91-C211-400D-B15E-DBC420076E7E}.Release|x64.ActiveCfg = Release|Any CPU
		{843F5D91-C211-400D-B15E-DBC420076E7E}.Release|x64.Build.0 = Release|Any CPU
		{843F5D91-C211-400D-B15E-DBC420076E7E}.Release|x86.ActiveCfg = Release|Any CPU
		{843F5D91-C211-400D-B15E-DBC420076E7E}.Release|x86.Build.0 = Release|Any CPU
		{7A6B54EA-D72C-4F0E-9A5B-EF1D8C7C94C3}.Debug|Any CPU.ActiveCfg = Debug|Any CPU
		{7A6B54EA-D72C-4F0E-9A5B-EF1D8C7C94C3}.Debug|Any CPU.Build.0 = Debug|Any CPU
		{7A6B54EA-D72C-4F0E-9A5B-EF1D8C7C94C3}.Debug|x64.ActiveCfg = Debug|Any CPU
		{7A6B54EA-D72C-4F0E-9A5B-EF1D8C7C94C3}.Debug|x64.Build.0 = Debug|Any CPU
		{7A6B54EA-D72C-4F0E-9A5B-EF1D8C7C94C3}.Debug|x86.ActiveCfg = Debug|Any CPU
		{7A6B54EA-D72C-4F0E-9A5B-EF1D8C7C94C3}.Debug|x86.Build.0 = Debug|Any CPU
		{7A6B54EA-D72C-4F0E-9A5B-EF1D8C7C94C3}.Release|Any CPU.ActiveCfg = Release|Any CPU
		{7A6B54EA-D72C-4F0E-9A5B-EF1D8C7C94C3}.Release|Any CPU.Build.0 = Release|Any CPU
		{7A6B54EA-D72C-4F0E-9A5B-EF1D8C7C94C3}.Release|x64.ActiveCfg = Release|Any CPU
		{7A6B54EA-D72C-4F0E-9A5B-EF1D8C7C94C3}.Release|x64.Build.0 = Release|Any CPU
		{7A6B54EA-D72C-4F0E-9A5B-EF1D8C7C94C3}.Release|x86.ActiveCfg = Release|Any CPU
		{7A6B54EA-D72C-4F0E-9A5B-EF1D8C7C94C3}.Release|x86.Build.0 = Release|Any CPU
		{2C3E7531-E6B6-4068-A259-8292A4246BEE}.Debug|Any CPU.ActiveCfg = Debug|Any CPU
		{2C3E7531-E6B6-4068-A259-8292A4246BEE}.Debug|Any CPU.Build.0 = Debug|Any CPU
		{2C3E7531-E6B6-4068-A259-8292A4246BEE}.Debug|x64.ActiveCfg = Debug|Any CPU
		{2C3E7531-E6B6-4068-A259-8292A4246BEE}.Debug|x64.Build.0 = Debug|Any CPU
		{2C3E7531-E6B6-4068-A259-8292A4246BEE}.Debug|x86.ActiveCfg = Debug|Any CPU
		{2C3E7531-E6B6-4068-A259-8292A4246BEE}.Debug|x86.Build.0 = Debug|Any CPU
		{2C3E7531-E6B6-4068-A259-8292A4246BEE}.Release|Any CPU.ActiveCfg = Release|Any CPU
		{2C3E7531-E6B6-4068-A259-8292A4246BEE}.Release|Any CPU.Build.0 = Release|Any CPU
		{2C3E7531-E6B6-4068-A259-8292A4246BEE}.Release|x64.ActiveCfg = Release|Any CPU
		{2C3E7531-E6B6-4068-A259-8292A4246BEE}.Release|x64.Build.0 = Release|Any CPU
		{2C3E7531-E6B6-4068-A259-8292A4246BEE}.Release|x86.ActiveCfg = Release|Any CPU
		{2C3E7531-E6B6-4068-A259-8292A4246BEE}.Release|x86.Build.0 = Release|Any CPU
		{273DD954-AEB6-4B20-81DB-9360E23E49F7}.Debug|Any CPU.ActiveCfg = Debug|Any CPU
		{273DD954-AEB6-4B20-81DB-9360E23E49F7}.Debug|Any CPU.Build.0 = Debug|Any CPU
		{273DD954-AEB6-4B20-81DB-9360E23E49F7}.Debug|x64.ActiveCfg = Debug|Any CPU
		{273DD954-AEB6-4B20-81DB-9360E23E49F7}.Debug|x64.Build.0 = Debug|Any CPU
		{273DD954-AEB6-4B20-81DB-9360E23E49F7}.Debug|x86.ActiveCfg = Debug|Any CPU
		{273DD954-AEB6-4B20-81DB-9360E23E49F7}.Debug|x86.Build.0 = Debug|Any CPU
		{273DD954-AEB6-4B20-81DB-9360E23E49F7}.Release|Any CPU.ActiveCfg = Release|Any CPU
		{273DD954-AEB6-4B20-81DB-9360E23E49F7}.Release|Any CPU.Build.0 = Release|Any CPU
		{273DD954-AEB6-4B20-81DB-9360E23E49F7}.Release|x64.ActiveCfg = Release|Any CPU
		{273DD954-AEB6-4B20-81DB-9360E23E49F7}.Release|x64.Build.0 = Release|Any CPU
		{273DD954-AEB6-4B20-81DB-9360E23E49F7}.Release|x86.ActiveCfg = Release|Any CPU
		{273DD954-AEB6-4B20-81DB-9360E23E49F7}.Release|x86.Build.0 = Release|Any CPU
		{AA05BCC6-5C15-4FC1-8FC0-423F72BD6DCF}.Debug|Any CPU.ActiveCfg = Debug|Any CPU
		{AA05BCC6-5C15-4FC1-8FC0-423F72BD6DCF}.Debug|Any CPU.Build.0 = Debug|Any CPU
		{AA05BCC6-5C15-4FC1-8FC0-423F72BD6DCF}.Debug|x64.ActiveCfg = Debug|Any CPU
		{AA05BCC6-5C15-4FC1-8FC0-423F72BD6DCF}.Debug|x64.Build.0 = Debug|Any CPU
		{AA05BCC6-5C15-4FC1-8FC0-423F72BD6DCF}.Debug|x86.ActiveCfg = Debug|Any CPU
		{AA05BCC6-5C15-4FC1-8FC0-423F72BD6DCF}.Debug|x86.Build.0 = Debug|Any CPU
		{AA05BCC6-5C15-4FC1-8FC0-423F72BD6DCF}.Release|Any CPU.ActiveCfg = Release|Any CPU
		{AA05BCC6-5C15-4FC1-8FC0-423F72BD6DCF}.Release|Any CPU.Build.0 = Release|Any CPU
		{AA05BCC6-5C15-4FC1-8FC0-423F72BD6DCF}.Release|x64.ActiveCfg = Release|Any CPU
		{AA05BCC6-5C15-4FC1-8FC0-423F72BD6DCF}.Release|x64.Build.0 = Release|Any CPU
		{AA05BCC6-5C15-4FC1-8FC0-423F72BD6DCF}.Release|x86.ActiveCfg = Release|Any CPU
		{AA05BCC6-5C15-4FC1-8FC0-423F72BD6DCF}.Release|x86.Build.0 = Release|Any CPU
		{F0D97F17-C690-48B1-B95A-D951AE07047B}.Debug|Any CPU.ActiveCfg = Debug|Any CPU
		{F0D97F17-C690-48B1-B95A-D951AE07047B}.Debug|Any CPU.Build.0 = Debug|Any CPU
		{F0D97F17-C690-48B1-B95A-D951AE07047B}.Debug|x64.ActiveCfg = Debug|Any CPU
		{F0D97F17-C690-48B1-B95A-D951AE07047B}.Debug|x64.Build.0 = Debug|Any CPU
		{F0D97F17-C690-48B1-B95A-D951AE07047B}.Debug|x86.ActiveCfg = Debug|Any CPU
		{F0D97F17-C690-48B1-B95A-D951AE07047B}.Debug|x86.Build.0 = Debug|Any CPU
		{F0D97F17-C690-48B1-B95A-D951AE07047B}.Release|Any CPU.ActiveCfg = Release|Any CPU
		{F0D97F17-C690-48B1-B95A-D951AE07047B}.Release|Any CPU.Build.0 = Release|Any CPU
		{F0D97F17-C690-48B1-B95A-D951AE07047B}.Release|x64.ActiveCfg = Release|Any CPU
		{F0D97F17-C690-48B1-B95A-D951AE07047B}.Release|x64.Build.0 = Release|Any CPU
		{F0D97F17-C690-48B1-B95A-D951AE07047B}.Release|x86.ActiveCfg = Release|Any CPU
		{F0D97F17-C690-48B1-B95A-D951AE07047B}.Release|x86.Build.0 = Release|Any CPU
		{D53D2BE4-958A-40F4-B01F-EE29DF6B27A9}.Debug|Any CPU.ActiveCfg = Debug|Any CPU
		{D53D2BE4-958A-40F4-B01F-EE29DF6B27A9}.Debug|Any CPU.Build.0 = Debug|Any CPU
		{D53D2BE4-958A-40F4-B01F-EE29DF6B27A9}.Debug|x64.ActiveCfg = Debug|Any CPU
		{D53D2BE4-958A-40F4-B01F-EE29DF6B27A9}.Debug|x64.Build.0 = Debug|Any CPU
		{D53D2BE4-958A-40F4-B01F-EE29DF6B27A9}.Debug|x86.ActiveCfg = Debug|Any CPU
		{D53D2BE4-958A-40F4-B01F-EE29DF6B27A9}.Debug|x86.Build.0 = Debug|Any CPU
		{D53D2BE4-958A-40F4-B01F-EE29DF6B27A9}.Release|Any CPU.ActiveCfg = Release|Any CPU
		{D53D2BE4-958A-40F4-B01F-EE29DF6B27A9}.Release|Any CPU.Build.0 = Release|Any CPU
		{D53D2BE4-958A-40F4-B01F-EE29DF6B27A9}.Release|x64.ActiveCfg = Release|Any CPU
		{D53D2BE4-958A-40F4-B01F-EE29DF6B27A9}.Release|x64.Build.0 = Release|Any CPU
		{D53D2BE4-958A-40F4-B01F-EE29DF6B27A9}.Release|x86.ActiveCfg = Release|Any CPU
		{D53D2BE4-958A-40F4-B01F-EE29DF6B27A9}.Release|x86.Build.0 = Release|Any CPU
		{E551AC46-DDB9-4CE5-BFF7-0891A852C049}.Debug|Any CPU.ActiveCfg = Debug|Any CPU
		{E551AC46-DDB9-4CE5-BFF7-0891A852C049}.Debug|Any CPU.Build.0 = Debug|Any CPU
		{E551AC46-DDB9-4CE5-BFF7-0891A852C049}.Debug|x64.ActiveCfg = Debug|Any CPU
		{E551AC46-DDB9-4CE5-BFF7-0891A852C049}.Debug|x64.Build.0 = Debug|Any CPU
		{E551AC46-DDB9-4CE5-BFF7-0891A852C049}.Debug|x86.ActiveCfg = Debug|Any CPU
		{E551AC46-DDB9-4CE5-BFF7-0891A852C049}.Debug|x86.Build.0 = Debug|Any CPU
		{E551AC46-DDB9-4CE5-BFF7-0891A852C049}.Release|Any CPU.ActiveCfg = Release|Any CPU
		{E551AC46-DDB9-4CE5-BFF7-0891A852C049}.Release|Any CPU.Build.0 = Release|Any CPU
		{E551AC46-DDB9-4CE5-BFF7-0891A852C049}.Release|x64.ActiveCfg = Release|Any CPU
		{E551AC46-DDB9-4CE5-BFF7-0891A852C049}.Release|x64.Build.0 = Release|Any CPU
		{E551AC46-DDB9-4CE5-BFF7-0891A852C049}.Release|x86.ActiveCfg = Release|Any CPU
		{E551AC46-DDB9-4CE5-BFF7-0891A852C049}.Release|x86.Build.0 = Release|Any CPU
		{C6B3B6AD-B667-4D5E-96E3-81FE99338A2E}.Debug|Any CPU.ActiveCfg = Debug|Any CPU
		{C6B3B6AD-B667-4D5E-96E3-81FE99338A2E}.Debug|Any CPU.Build.0 = Debug|Any CPU
		{C6B3B6AD-B667-4D5E-96E3-81FE99338A2E}.Debug|x64.ActiveCfg = Debug|Any CPU
		{C6B3B6AD-B667-4D5E-96E3-81FE99338A2E}.Debug|x64.Build.0 = Debug|Any CPU
		{C6B3B6AD-B667-4D5E-96E3-81FE99338A2E}.Debug|x86.ActiveCfg = Debug|Any CPU
		{C6B3B6AD-B667-4D5E-96E3-81FE99338A2E}.Debug|x86.Build.0 = Debug|Any CPU
		{C6B3B6AD-B667-4D5E-96E3-81FE99338A2E}.Release|Any CPU.ActiveCfg = Release|Any CPU
		{C6B3B6AD-B667-4D5E-96E3-81FE99338A2E}.Release|Any CPU.Build.0 = Release|Any CPU
		{C6B3B6AD-B667-4D5E-96E3-81FE99338A2E}.Release|x64.ActiveCfg = Release|Any CPU
		{C6B3B6AD-B667-4D5E-96E3-81FE99338A2E}.Release|x64.Build.0 = Release|Any CPU
		{C6B3B6AD-B667-4D5E-96E3-81FE99338A2E}.Release|x86.ActiveCfg = Release|Any CPU
		{C6B3B6AD-B667-4D5E-96E3-81FE99338A2E}.Release|x86.Build.0 = Release|Any CPU
		{135E3FC8-7230-42EF-96F1-4A734AFFF6FD}.Debug|Any CPU.ActiveCfg = Debug|Any CPU
		{135E3FC8-7230-42EF-96F1-4A734AFFF6FD}.Debug|Any CPU.Build.0 = Debug|Any CPU
		{135E3FC8-7230-42EF-96F1-4A734AFFF6FD}.Debug|x64.ActiveCfg = Debug|Any CPU
		{135E3FC8-7230-42EF-96F1-4A734AFFF6FD}.Debug|x64.Build.0 = Debug|Any CPU
		{135E3FC8-7230-42EF-96F1-4A734AFFF6FD}.Debug|x86.ActiveCfg = Debug|Any CPU
		{135E3FC8-7230-42EF-96F1-4A734AFFF6FD}.Debug|x86.Build.0 = Debug|Any CPU
		{135E3FC8-7230-42EF-96F1-4A734AFFF6FD}.Release|Any CPU.ActiveCfg = Release|Any CPU
		{135E3FC8-7230-42EF-96F1-4A734AFFF6FD}.Release|Any CPU.Build.0 = Release|Any CPU
		{135E3FC8-7230-42EF-96F1-4A734AFFF6FD}.Release|x64.ActiveCfg = Release|Any CPU
		{135E3FC8-7230-42EF-96F1-4A734AFFF6FD}.Release|x64.Build.0 = Release|Any CPU
		{135E3FC8-7230-42EF-96F1-4A734AFFF6FD}.Release|x86.ActiveCfg = Release|Any CPU
		{135E3FC8-7230-42EF-96F1-4A734AFFF6FD}.Release|x86.Build.0 = Release|Any CPU
		{EC08E5A7-AF36-4FA2-AE61-E27C17F4A091}.Debug|Any CPU.ActiveCfg = Debug|Any CPU
		{EC08E5A7-AF36-4FA2-AE61-E27C17F4A091}.Debug|Any CPU.Build.0 = Debug|Any CPU
		{EC08E5A7-AF36-4FA2-AE61-E27C17F4A091}.Debug|x64.ActiveCfg = Debug|Any CPU
		{EC08E5A7-AF36-4FA2-AE61-E27C17F4A091}.Debug|x64.Build.0 = Debug|Any CPU
		{EC08E5A7-AF36-4FA2-AE61-E27C17F4A091}.Debug|x86.ActiveCfg = Debug|Any CPU
		{EC08E5A7-AF36-4FA2-AE61-E27C17F4A091}.Debug|x86.Build.0 = Debug|Any CPU
		{EC08E5A7-AF36-4FA2-AE61-E27C17F4A091}.Release|Any CPU.ActiveCfg = Release|Any CPU
		{EC08E5A7-AF36-4FA2-AE61-E27C17F4A091}.Release|Any CPU.Build.0 = Release|Any CPU
		{EC08E5A7-AF36-4FA2-AE61-E27C17F4A091}.Release|x64.ActiveCfg = Release|Any CPU
		{EC08E5A7-AF36-4FA2-AE61-E27C17F4A091}.Release|x64.Build.0 = Release|Any CPU
		{EC08E5A7-AF36-4FA2-AE61-E27C17F4A091}.Release|x86.ActiveCfg = Release|Any CPU
		{EC08E5A7-AF36-4FA2-AE61-E27C17F4A091}.Release|x86.Build.0 = Release|Any CPU
	EndGlobalSection
	GlobalSection(SolutionProperties) = preSolution
		HideSolutionNode = FALSE
	EndGlobalSection
	GlobalSection(NestedProjects) = preSolution
		{282EAE3D-DBB0-4459-8E2D-3596A3F7E2CF} = {827E0CD3-B72D-47B6-A68D-7590B98EB39B}
		{DC4F33AC-2CEF-4C80-A2EE-12CBD428289C} = {0AB3BF05-4346-4AA6-1389-037BE0695223}
		{1F29A343-A7B8-462B-8650-7464CBF77A3A} = {B36A84DF-456D-A817-6EDD-3EC3E7F6E11F}
		{69174D07-11C5-40FA-AFC8-EB348FBE64B4} = {B36A84DF-456D-A817-6EDD-3EC3E7F6E11F}
		{5C097776-AC94-46C7-B257-5CC4DD39DF67} = {B36A84DF-456D-A817-6EDD-3EC3E7F6E11F}
		{CBE37AA6-AD59-4A21-A8B0-4208A190EF53} = {77806389-A6B4-4A95-9671-AC93E23FD073}
		{7527CADC-BF6A-4F99-846F-92122ACFB155} = {0AB3BF05-4346-4AA6-1389-037BE0695223}
		{A1A0C2D6-9BFB-4F29-A2B6-8D26FBDD36D5} = {827E0CD3-B72D-47B6-A68D-7590B98EB39B}
		{D5E6F7A8-B9C0-4D1E-2F3A-4B5C6D7E8F9A} = {F8A3D1E2-B4C5-4D6E-8F9A-0B1C2D3E4F5A}
		{2970B01B-EF4A-4042-B348-FF9482B1BA41} = {95C5BFA4-0A4E-46B9-AB43-9040A770C140}
		{18442890-682E-4FBF-8F41-F1CB77C4C670} = {95C5BFA4-0A4E-46B9-AB43-9040A770C140}
		{96CF3C17-8088-414E-A16E-3995CF1CAF53} = {95C5BFA4-0A4E-46B9-AB43-9040A770C140}
		{30930387-7CDE-48A2-BB88-14A890EE922C} = {95C5BFA4-0A4E-46B9-AB43-9040A770C140}
		{16B2EBF0-011C-42A7-B33F-BAB756E63F79} = {95C5BFA4-0A4E-46B9-AB43-9040A770C140}
		{9D982231-96C1-4EEC-AC72-EA159318202D} = {95C5BFA4-0A4E-46B9-AB43-9040A770C140}
		{D5DC8C52-3461-4443-A360-51B8F9A90054} = {95C5BFA4-0A4E-46B9-AB43-9040A770C140}
		{BB489E83-39B5-4222-9743-66DA2838D098} = {95C5BFA4-0A4E-46B9-AB43-9040A770C140}
		{E55F3B56-DB14-470D-96C5-1BE4284C868E} = {95C5BFA4-0A4E-46B9-AB43-9040A770C140}
		{98E47293-2148-46F8-A198-3AC2DDE19322} = {95C5BFA4-0A4E-46B9-AB43-9040A770C140}
		{24790DC9-36D7-4FE8-8974-764BB66413EC} = {95C5BFA4-0A4E-46B9-AB43-9040A770C140}
		{E7E3D3EB-E924-491F-A999-AF912A232B04} = {95C5BFA4-0A4E-46B9-AB43-9040A770C140}
		{B313A371-1CF2-4673-B32D-F015EAD4F24D} = {95C5BFA4-0A4E-46B9-AB43-9040A770C140}
		{A03FE239-18E1-4DC5-A3EE-C23355722438} = {95C5BFA4-0A4E-46B9-AB43-9040A770C140}
		{E90AD9B4-3D61-4711-8EF2-B32AF0CAFA7C} = {95C5BFA4-0A4E-46B9-AB43-9040A770C140}
		{843F5D91-C211-400D-B15E-DBC420076E7E} = {95C5BFA4-0A4E-46B9-AB43-9040A770C140}
		{7A6B54EA-D72C-4F0E-9A5B-EF1D8C7C94C3} = {95C5BFA4-0A4E-46B9-AB43-9040A770C140}
		{2C3E7531-E6B6-4068-A259-8292A4246BEE} = {95C5BFA4-0A4E-46B9-AB43-9040A770C140}
		{273DD954-AEB6-4B20-81DB-9360E23E49F7} = {95C5BFA4-0A4E-46B9-AB43-9040A770C140}
		{AA05BCC6-5C15-4FC1-8FC0-423F72BD6DCF} = {95C5BFA4-0A4E-46B9-AB43-9040A770C140}
		{F0D97F17-C690-48B1-B95A-D951AE07047B} = {95C5BFA4-0A4E-46B9-AB43-9040A770C140}
		{D53D2BE4-958A-40F4-B01F-EE29DF6B27A9} = {95C5BFA4-0A4E-46B9-AB43-9040A770C140}
		{E551AC46-DDB9-4CE5-BFF7-0891A852C049} = {95C5BFA4-0A4E-46B9-AB43-9040A770C140}
		{C6B3B6AD-B667-4D5E-96E3-81FE99338A2E} = {95C5BFA4-0A4E-46B9-AB43-9040A770C140}
		{135E3FC8-7230-42EF-96F1-4A734AFFF6FD} = {95C5BFA4-0A4E-46B9-AB43-9040A770C140}
		{EC08E5A7-AF36-4FA2-AE61-E27C17F4A091} = {0AB3BF05-4346-4AA6-1389-037BE0695223}
	EndGlobalSection
EndGlobal
